// !$*UTF8*$!
{
	archiveVersion = 1;
	classes = {
	};
	objectVersion = 50;
	objects = {

/* Begin PBXBuildFile section */
		6A3CFE9C266F8C4B00911979 /* AppDelegate.swift in Sources */ = {isa = PBXBuildFile; fileRef = 6A3CFE9B266F8C4B00911979 /* AppDelegate.swift */; };
		6A3CFE9E266F8C4B00911979 /* SceneDelegate.swift in Sources */ = {isa = PBXBuildFile; fileRef = 6A3CFE9D266F8C4B00911979 /* SceneDelegate.swift */; };
		6A3CFEA0266F8C4B00911979 /* ViewController.swift in Sources */ = {isa = PBXBuildFile; fileRef = 6A3CFE9F266F8C4B00911979 /* ViewController.swift */; };
		6A3CFEA3266F8C4B00911979 /* Main.storyboard in Resources */ = {isa = PBXBuildFile; fileRef = 6A3CFEA1266F8C4B00911979 /* Main.storyboard */; };
		6A3CFEA5266F8C4D00911979 /* Assets.xcassets in Resources */ = {isa = PBXBuildFile; fileRef = 6A3CFEA4266F8C4D00911979 /* Assets.xcassets */; };
		6A3CFEA8266F8C4D00911979 /* LaunchScreen.storyboard in Resources */ = {isa = PBXBuildFile; fileRef = 6A3CFEA6266F8C4D00911979 /* LaunchScreen.storyboard */; };
		6A3CFEB3266F8C4D00911979 /* DatePickerTests.swift in Sources */ = {isa = PBXBuildFile; fileRef = 6A3CFEB2266F8C4D00911979 /* DatePickerTests.swift */; };
		6A3CFEBE266F8C4D00911979 /* DatePickerUITests.swift in Sources */ = {isa = PBXBuildFile; fileRef = 6A3CFEBD266F8C4D00911979 /* DatePickerUITests.swift */; };
/* End PBXBuildFile section */

/* Begin PBXContainerItemProxy section */
		6A3CFEAF266F8C4D00911979 /* PBXContainerItemProxy */ = {
			isa = PBXContainerItemProxy;
			containerPortal = 6A3CFE90266F8C4B00911979 /* Project object */;
			proxyType = 1;
			remoteGlobalIDString = 6A3CFE97266F8C4B00911979;
			remoteInfo = DatePicker;
		};
		6A3CFEBA266F8C4D00911979 /* PBXContainerItemProxy */ = {
			isa = PBXContainerItemProxy;
			containerPortal = 6A3CFE90266F8C4B00911979 /* Project object */;
			proxyType = 1;
			remoteGlobalIDString = 6A3CFE97266F8C4B00911979;
			remoteInfo = DatePicker;
		};
/* End PBXContainerItemProxy section */

/* Begin PBXFileReference section */
		6A3CFE98266F8C4B00911979 /* DatePicker.app */ = {isa = PBXFileReference; explicitFileType = wrapper.application; includeInIndex = 0; path = DatePicker.app; sourceTree = BUILT_PRODUCTS_DIR; };
		6A3CFE9B266F8C4B00911979 /* AppDelegate.swift */ = {isa = PBXFileReference; lastKnownFileType = sourcecode.swift; path = AppDelegate.swift; sourceTree = "<group>"; };
		6A3CFE9D266F8C4B00911979 /* SceneDelegate.swift */ = {isa = PBXFileReference; lastKnownFileType = sourcecode.swift; path = SceneDelegate.swift; sourceTree = "<group>"; };
		6A3CFE9F266F8C4B00911979 /* ViewController.swift */ = {isa = PBXFileReference; lastKnownFileType = sourcecode.swift; path = ViewController.swift; sourceTree = "<group>"; };
		6A3CFEA2266F8C4B00911979 /* Base */ = {isa = PBXFileReference; lastKnownFileType = file.storyboard; name = Base; path = Base.lproj/Main.storyboard; sourceTree = "<group>"; };
		6A3CFEA4266F8C4D00911979 /* Assets.xcassets */ = {isa = PBXFileReference; lastKnownFileType = folder.assetcatalog; path = Assets.xcassets; sourceTree = "<group>"; };
		6A3CFEA7266F8C4D00911979 /* Base */ = {isa = PBXFileReference; lastKnownFileType = file.storyboard; name = Base; path = Base.lproj/LaunchScreen.storyboard; sourceTree = "<group>"; };
		6A3CFEA9266F8C4D00911979 /* Info.plist */ = {isa = PBXFileReference; lastKnownFileType = text.plist.xml; path = Info.plist; sourceTree = "<group>"; };
		6A3CFEAE266F8C4D00911979 /* DatePickerTests.xctest */ = {isa = PBXFileReference; explicitFileType = wrapper.cfbundle; includeInIndex = 0; path = DatePickerTests.xctest; sourceTree = BUILT_PRODUCTS_DIR; };
		6A3CFEB2266F8C4D00911979 /* DatePickerTests.swift */ = {isa = PBXFileReference; lastKnownFileType = sourcecode.swift; path = DatePickerTests.swift; sourceTree = "<group>"; };
		6A3CFEB4266F8C4D00911979 /* Info.plist */ = {isa = PBXFileReference; lastKnownFileType = text.plist.xml; path = Info.plist; sourceTree = "<group>"; };
		6A3CFEB9266F8C4D00911979 /* DatePickerUITests.xctest */ = {isa = PBXFileReference; explicitFileType = wrapper.cfbundle; includeInIndex = 0; path = DatePickerUITests.xctest; sourceTree = BUILT_PRODUCTS_DIR; };
		6A3CFEBD266F8C4D00911979 /* DatePickerUITests.swift */ = {isa = PBXFileReference; lastKnownFileType = sourcecode.swift; path = DatePickerUITests.swift; sourceTree = "<group>"; };
		6A3CFEBF266F8C4D00911979 /* Info.plist */ = {isa = PBXFileReference; lastKnownFileType = text.plist.xml; path = Info.plist; sourceTree = "<group>"; };
/* End PBXFileReference section */

/* Begin PBXFrameworksBuildPhase section */
		6A3CFE95266F8C4B00911979 /* Frameworks */ = {
			isa = PBXFrameworksBuildPhase;
			buildActionMask = 2147483647;
			files = (
			);
			runOnlyForDeploymentPostprocessing = 0;
		};
		6A3CFEAB266F8C4D00911979 /* Frameworks */ = {
			isa = PBXFrameworksBuildPhase;
			buildActionMask = 2147483647;
			files = (
			);
			runOnlyForDeploymentPostprocessing = 0;
		};
		6A3CFEB6266F8C4D00911979 /* Frameworks */ = {
			isa = PBXFrameworksBuildPhase;
			buildActionMask = 2147483647;
			files = (
			);
			runOnlyForDeploymentPostprocessing = 0;
		};
/* End PBXFrameworksBuildPhase section */

/* Begin PBXGroup section */
		6A3CFE8F266F8C4B00911979 = {
			isa = PBXGroup;
			children = (
				6A3CFE9A266F8C4B00911979 /* DatePicker */,
				6A3CFEB1266F8C4D00911979 /* DatePickerTests */,
				6A3CFEBC266F8C4D00911979 /* DatePickerUITests */,
				6A3CFE99266F8C4B00911979 /* Products */,
			);
			sourceTree = "<group>";
		};
		6A3CFE99266F8C4B00911979 /* Products */ = {
			isa = PBXGroup;
			children = (
				6A3CFE98266F8C4B00911979 /* DatePicker.app */,
				6A3CFEAE266F8C4D00911979 /* DatePickerTests.xctest */,
				6A3CFEB9266F8C4D00911979 /* DatePickerUITests.xctest */,
			);
			name = Products;
			sourceTree = "<group>";
		};
		6A3CFE9A266F8C4B00911979 /* DatePicker */ = {
			isa = PBXGroup;
			children = (
				6A3CFE9B266F8C4B00911979 /* AppDelegate.swift */,
				6A3CFE9D266F8C4B00911979 /* SceneDelegate.swift */,
				6A3CFE9F266F8C4B00911979 /* ViewController.swift */,
				6A3CFEA1266F8C4B00911979 /* Main.storyboard */,
				6A3CFEA4266F8C4D00911979 /* Assets.xcassets */,
				6A3CFEA6266F8C4D00911979 /* LaunchScreen.storyboard */,
				6A3CFEA9266F8C4D00911979 /* Info.plist */,
			);
			path = DatePicker;
			sourceTree = "<group>";
		};
		6A3CFEB1266F8C4D00911979 /* DatePickerTests */ = {
			isa = PBXGroup;
			children = (
				6A3CFEB2266F8C4D00911979 /* DatePickerTests.swift */,
				6A3CFEB4266F8C4D00911979 /* Info.plist */,
			);
			path = DatePickerTests;
			sourceTree = "<group>";
		};
		6A3CFEBC266F8C4D00911979 /* DatePickerUITests */ = {
			isa = PBXGroup;
			children = (
				6A3CFEBD266F8C4D00911979 /* DatePickerUITests.swift */,
				6A3CFEBF266F8C4D00911979 /* Info.plist */,
			);
			path = DatePickerUITests;
			sourceTree = "<group>";
		};
/* End PBXGroup section */

/* Begin PBXNativeTarget section */
		6A3CFE97266F8C4B00911979 /* DatePicker */ = {
			isa = PBXNativeTarget;
			buildConfigurationList = 6A3CFEC2266F8C4D00911979 /* Build configuration list for PBXNativeTarget "DatePicker" */;
			buildPhases = (
				6A3CFE94266F8C4B00911979 /* Sources */,
				6A3CFE95266F8C4B00911979 /* Frameworks */,
				6A3CFE96266F8C4B00911979 /* Resources */,
			);
			buildRules = (
			);
			dependencies = (
			);
			name = DatePicker;
			productName = DatePicker;
			productReference = 6A3CFE98266F8C4B00911979 /* DatePicker.app */;
			productType = "com.apple.product-type.application";
		};
		6A3CFEAD266F8C4D00911979 /* DatePickerTests */ = {
			isa = PBXNativeTarget;
			buildConfigurationList = 6A3CFEC5266F8C4D00911979 /* Build configuration list for PBXNativeTarget "DatePickerTests" */;
			buildPhases = (
				6A3CFEAA266F8C4D00911979 /* Sources */,
				6A3CFEAB266F8C4D00911979 /* Frameworks */,
				6A3CFEAC266F8C4D00911979 /* Resources */,
			);
			buildRules = (
			);
			dependencies = (
				6A3CFEB0266F8C4D00911979 /* PBXTargetDependency */,
			);
			name = DatePickerTests;
			productName = DatePickerTests;
			productReference = 6A3CFEAE266F8C4D00911979 /* DatePickerTests.xctest */;
			productType = "com.apple.product-type.bundle.unit-test";
		};
		6A3CFEB8266F8C4D00911979 /* DatePickerUITests */ = {
			isa = PBXNativeTarget;
			buildConfigurationList = 6A3CFEC8266F8C4D00911979 /* Build configuration list for PBXNativeTarget "DatePickerUITests" */;
			buildPhases = (
				6A3CFEB5266F8C4D00911979 /* Sources */,
				6A3CFEB6266F8C4D00911979 /* Frameworks */,
				6A3CFEB7266F8C4D00911979 /* Resources */,
			);
			buildRules = (
			);
			dependencies = (
				6A3CFEBB266F8C4D00911979 /* PBXTargetDependency */,
			);
			name = DatePickerUITests;
			productName = DatePickerUITests;
			productReference = 6A3CFEB9266F8C4D00911979 /* DatePickerUITests.xctest */;
			productType = "com.apple.product-type.bundle.ui-testing";
		};
/* End PBXNativeTarget section */

/* Begin PBXProject section */
		6A3CFE90266F8C4B00911979 /* Project object */ = {
			isa = PBXProject;
			attributes = {
				LastSwiftUpdateCheck = 1250;
				LastUpgradeCheck = 1250;
				TargetAttributes = {
					6A3CFE97266F8C4B00911979 = {
						CreatedOnToolsVersion = 12.5;
					};
					6A3CFEAD266F8C4D00911979 = {
						CreatedOnToolsVersion = 12.5;
						TestTargetID = 6A3CFE97266F8C4B00911979;
					};
					6A3CFEB8266F8C4D00911979 = {
						CreatedOnToolsVersion = 12.5;
						TestTargetID = 6A3CFE97266F8C4B00911979;
					};
				};
			};
			buildConfigurationList = 6A3CFE93266F8C4B00911979 /* Build configuration list for PBXProject "DatePicker" */;
			compatibilityVersion = "Xcode 9.3";
			developmentRegion = en;
			hasScannedForEncodings = 0;
			knownRegions = (
				en,
				Base,
			);
			mainGroup = 6A3CFE8F266F8C4B00911979;
			productRefGroup = 6A3CFE99266F8C4B00911979 /* Products */;
			projectDirPath = "";
			projectRoot = "";
			targets = (
				6A3CFE97266F8C4B00911979 /* DatePicker */,
				6A3CFEAD266F8C4D00911979 /* DatePickerTests */,
				6A3CFEB8266F8C4D00911979 /* DatePickerUITests */,
			);
		};
/* End PBXProject section */

/* Begin PBXResourcesBuildPhase section */
		6A3CFE96266F8C4B00911979 /* Resources */ = {
			isa = PBXResourcesBuildPhase;
			buildActionMask = 2147483647;
			files = (
				6A3CFEA8266F8C4D00911979 /* LaunchScreen.storyboard in Resources */,
				6A3CFEA5266F8C4D00911979 /* Assets.xcassets in Resources */,
				6A3CFEA3266F8C4B00911979 /* Main.storyboard in Resources */,
			);
			runOnlyForDeploymentPostprocessing = 0;
		};
		6A3CFEAC266F8C4D00911979 /* Resources */ = {
			isa = PBXResourcesBuildPhase;
			buildActionMask = 2147483647;
			files = (
			);
			runOnlyForDeploymentPostprocessing = 0;
		};
		6A3CFEB7266F8C4D00911979 /* Resources */ = {
			isa = PBXResourcesBuildPhase;
			buildActionMask = 2147483647;
			files = (
			);
			runOnlyForDeploymentPostprocessing = 0;
		};
/* End PBXResourcesBuildPhase section */

/* Begin PBXSourcesBuildPhase section */
		6A3CFE94266F8C4B00911979 /* Sources */ = {
			isa = PBXSourcesBuildPhase;
			buildActionMask = 2147483647;
			files = (
				6A3CFEA0266F8C4B00911979 /* ViewController.swift in Sources */,
				6A3CFE9C266F8C4B00911979 /* AppDelegate.swift in Sources */,
				6A3CFE9E266F8C4B00911979 /* SceneDelegate.swift in Sources */,
			);
			runOnlyForDeploymentPostprocessing = 0;
		};
		6A3CFEAA266F8C4D00911979 /* Sources */ = {
			isa = PBXSourcesBuildPhase;
			buildActionMask = 2147483647;
			files = (
				6A3CFEB3266F8C4D00911979 /* DatePickerTests.swift in Sources */,
			);
			runOnlyForDeploymentPostprocessing = 0;
		};
		6A3CFEB5266F8C4D00911979 /* Sources */ = {
			isa = PBXSourcesBuildPhase;
			buildActionMask = 2147483647;
			files = (
				6A3CFEBE266F8C4D00911979 /* DatePickerUITests.swift in Sources */,
			);
			runOnlyForDeploymentPostprocessing = 0;
		};
/* End PBXSourcesBuildPhase section */

/* Begin PBXTargetDependency section */
		6A3CFEB0266F8C4D00911979 /* PBXTargetDependency */ = {
			isa = PBXTargetDependency;
			target = 6A3CFE97266F8C4B00911979 /* DatePicker */;
			targetProxy = 6A3CFEAF266F8C4D00911979 /* PBXContainerItemProxy */;
		};
		6A3CFEBB266F8C4D00911979 /* PBXTargetDependency */ = {
			isa = PBXTargetDependency;
			target = 6A3CFE97266F8C4B00911979 /* DatePicker */;
			targetProxy = 6A3CFEBA266F8C4D00911979 /* PBXContainerItemProxy */;
		};
/* End PBXTargetDependency section */

/* Begin PBXVariantGroup section */
		6A3CFEA1266F8C4B00911979 /* Main.storyboard */ = {
			isa = PBXVariantGroup;
			children = (
				6A3CFEA2266F8C4B00911979 /* Base */,
			);
			name = Main.storyboard;
			sourceTree = "<group>";
		};
		6A3CFEA6266F8C4D00911979 /* LaunchScreen.storyboard */ = {
			isa = PBXVariantGroup;
			children = (
				6A3CFEA7266F8C4D00911979 /* Base */,
			);
			name = LaunchScreen.storyboard;
			sourceTree = "<group>";
		};
/* End PBXVariantGroup section */

/* Begin XCBuildConfiguration section */
		6A3CFEC0266F8C4D00911979 /* Debug */ = {
			isa = XCBuildConfiguration;
			buildSettings = {
				ALWAYS_SEARCH_USER_PATHS = NO;
				CLANG_ANALYZER_NONNULL = YES;
				CLANG_ANALYZER_NUMBER_OBJECT_CONVERSION = YES_AGGRESSIVE;
				CLANG_CXX_LANGUAGE_STANDARD = "gnu++14";
				CLANG_CXX_LIBRARY = "libc++";
				CLANG_ENABLE_MODULES = YES;
				CLANG_ENABLE_OBJC_ARC = YES;
				CLANG_ENABLE_OBJC_WEAK = YES;
				CLANG_WARN_BLOCK_CAPTURE_AUTORELEASING = YES;
				CLANG_WARN_BOOL_CONVERSION = YES;
				CLANG_WARN_COMMA = YES;
				CLANG_WARN_CONSTANT_CONVERSION = YES;
				CLANG_WARN_DEPRECATED_OBJC_IMPLEMENTATIONS = YES;
				CLANG_WARN_DIRECT_OBJC_ISA_USAGE = YES_ERROR;
				CLANG_WARN_DOCUMENTATION_COMMENTS = YES;
				CLANG_WARN_EMPTY_BODY = YES;
				CLANG_WARN_ENUM_CONVERSION = YES;
				CLANG_WARN_INFINITE_RECURSION = YES;
				CLANG_WARN_INT_CONVERSION = YES;
				CLANG_WARN_NON_LITERAL_NULL_CONVERSION = YES;
				CLANG_WARN_OBJC_IMPLICIT_RETAIN_SELF = YES;
				CLANG_WARN_OBJC_LITERAL_CONVERSION = YES;
				CLANG_WARN_OBJC_ROOT_CLASS = YES_ERROR;
				CLANG_WARN_QUOTED_INCLUDE_IN_FRAMEWORK_HEADER = YES;
				CLANG_WARN_RANGE_LOOP_ANALYSIS = YES;
				CLANG_WARN_STRICT_PROTOTYPES = YES;
				CLANG_WARN_SUSPICIOUS_MOVE = YES;
				CLANG_WARN_UNGUARDED_AVAILABILITY = YES_AGGRESSIVE;
				CLANG_WARN_UNREACHABLE_CODE = YES;
				CLANG_WARN__DUPLICATE_METHOD_MATCH = YES;
				COPY_PHASE_STRIP = NO;
				DEBUG_INFORMATION_FORMAT = dwarf;
				ENABLE_STRICT_OBJC_MSGSEND = YES;
				ENABLE_TESTABILITY = YES;
				GCC_C_LANGUAGE_STANDARD = gnu11;
				GCC_DYNAMIC_NO_PIC = NO;
				GCC_NO_COMMON_BLOCKS = YES;
				GCC_OPTIMIZATION_LEVEL = 0;
				GCC_PREPROCESSOR_DEFINITIONS = (
					"DEBUG=1",
					"$(inherited)",
				);
				GCC_WARN_64_TO_32_BIT_CONVERSION = YES;
				GCC_WARN_ABOUT_RETURN_TYPE = YES_ERROR;
				GCC_WARN_UNDECLARED_SELECTOR = YES;
				GCC_WARN_UNINITIALIZED_AUTOS = YES_AGGRESSIVE;
				GCC_WARN_UNUSED_FUNCTION = YES;
				GCC_WARN_UNUSED_VARIABLE = YES;
				IPHONEOS_DEPLOYMENT_TARGET = 14.5;
				MTL_ENABLE_DEBUG_INFO = INCLUDE_SOURCE;
				MTL_FAST_MATH = YES;
				ONLY_ACTIVE_ARCH = YES;
				SDKROOT = iphoneos;
				SWIFT_ACTIVE_COMPILATION_CONDITIONS = DEBUG;
				SWIFT_OPTIMIZATION_LEVEL = "-Onone";
			};
			name = Debug;
		};
		6A3CFEC1266F8C4D00911979 /* Release */ = {
			isa = XCBuildConfiguration;
			buildSettings = {
				ALWAYS_SEARCH_USER_PATHS = NO;
				CLANG_ANALYZER_NONNULL = YES;
				CLANG_ANALYZER_NUMBER_OBJECT_CONVERSION = YES_AGGRESSIVE;
				CLANG_CXX_LANGUAGE_STANDARD = "gnu++14";
				CLANG_CXX_LIBRARY = "libc++";
				CLANG_ENABLE_MODULES = YES;
				CLANG_ENABLE_OBJC_ARC = YES;
				CLANG_ENABLE_OBJC_WEAK = YES;
				CLANG_WARN_BLOCK_CAPTURE_AUTORELEASING = YES;
				CLANG_WARN_BOOL_CONVERSION = YES;
				CLANG_WARN_COMMA = YES;
				CLANG_WARN_CONSTANT_CONVERSION = YES;
				CLANG_WARN_DEPRECATED_OBJC_IMPLEMENTATIONS = YES;
				CLANG_WARN_DIRECT_OBJC_ISA_USAGE = YES_ERROR;
				CLANG_WARN_DOCUMENTATION_COMMENTS = YES;
				CLANG_WARN_EMPTY_BODY = YES;
				CLANG_WARN_ENUM_CONVERSION = YES;
				CLANG_WARN_INFINITE_RECURSION = YES;
				CLANG_WARN_INT_CONVERSION = YES;
				CLANG_WARN_NON_LITERAL_NULL_CONVERSION = YES;
				CLANG_WARN_OBJC_IMPLICIT_RETAIN_SELF = YES;
				CLANG_WARN_OBJC_LITERAL_CONVERSION = YES;
				CLANG_WARN_OBJC_ROOT_CLASS = YES_ERROR;
				CLANG_WARN_QUOTED_INCLUDE_IN_FRAMEWORK_HEADER = YES;
				CLANG_WARN_RANGE_LOOP_ANALYSIS = YES;
				CLANG_WARN_STRICT_PROTOTYPES = YES;
				CLANG_WARN_SUSPICIOUS_MOVE = YES;
				CLANG_WARN_UNGUARDED_AVAILABILITY = YES_AGGRESSIVE;
				CLANG_WARN_UNREACHABLE_CODE = YES;
				CLANG_WARN__DUPLICATE_METHOD_MATCH = YES;
				COPY_PHASE_STRIP = NO;
				DEBUG_INFORMATION_FORMAT = "dwarf-with-dsym";
				ENABLE_NS_ASSERTIONS = NO;
				ENABLE_STRICT_OBJC_MSGSEND = YES;
				GCC_C_LANGUAGE_STANDARD = gnu11;
				GCC_NO_COMMON_BLOCKS = YES;
				GCC_WARN_64_TO_32_BIT_CONVERSION = YES;
				GCC_WARN_ABOUT_RETURN_TYPE = YES_ERROR;
				GCC_WARN_UNDECLARED_SELECTOR = YES;
				GCC_WARN_UNINITIALIZED_AUTOS = YES_AGGRESSIVE;
				GCC_WARN_UNUSED_FUNCTION = YES;
				GCC_WARN_UNUSED_VARIABLE = YES;
				IPHONEOS_DEPLOYMENT_TARGET = 14.5;
				MTL_ENABLE_DEBUG_INFO = NO;
				MTL_FAST_MATH = YES;
				SDKROOT = iphoneos;
				SWIFT_COMPILATION_MODE = wholemodule;
				SWIFT_OPTIMIZATION_LEVEL = "-O";
				VALIDATE_PRODUCT = YES;
			};
			name = Release;
		};
		6A3CFEC3266F8C4D00911979 /* Debug */ = {
			isa = XCBuildConfiguration;
			buildSettings = {
				ASSETCATALOG_COMPILER_APPICON_NAME = AppIcon;
				ASSETCATALOG_COMPILER_GLOBAL_ACCENT_COLOR_NAME = AccentColor;
				CODE_SIGN_STYLE = Automatic;
				INFOPLIST_FILE = DatePicker/Info.plist;
				LD_RUNPATH_SEARCH_PATHS = (
					"$(inherited)",
					"@executable_path/Frameworks",
				);
				PRODUCT_BUNDLE_IDENTIFIER = net.macnpc.DatePicker;
				PRODUCT_NAME = "$(TARGET_NAME)";
				SWIFT_VERSION = 5.0;
				TARGETED_DEVICE_FAMILY = "1,2";
			};
			name = Debug;
		};
		6A3CFEC4266F8C4D00911979 /* Release */ = {
			isa = XCBuildConfiguration;
			buildSettings = {
				ASSETCATALOG_COMPILER_APPICON_NAME = AppIcon;
				ASSETCATALOG_COMPILER_GLOBAL_ACCENT_COLOR_NAME = AccentColor;
				CODE_SIGN_STYLE = Automatic;
				INFOPLIST_FILE = DatePicker/Info.plist;
				LD_RUNPATH_SEARCH_PATHS = (
					"$(inherited)",
					"@executable_path/Frameworks",
				);
				PRODUCT_BUNDLE_IDENTIFIER = net.macnpc.DatePicker;
				PRODUCT_NAME = "$(TARGET_NAME)";
				SWIFT_VERSION = 5.0;
				TARGETED_DEVICE_FAMILY = "1,2";
			};
			name = Release;
		};
		6A3CFEC6266F8C4D00911979 /* Debug */ = {
			isa = XCBuildConfiguration;
			buildSettings = {
				ALWAYS_EMBED_SWIFT_STANDARD_LIBRARIES = YES;
				BUNDLE_LOADER = "$(TEST_HOST)";
				CODE_SIGN_STYLE = Automatic;
				INFOPLIST_FILE = DatePickerTests/Info.plist;
				IPHONEOS_DEPLOYMENT_TARGET = 14.5;
				LD_RUNPATH_SEARCH_PATHS = (
					"$(inherited)",
					"@executable_path/Frameworks",
					"@loader_path/Frameworks",
				);
				PRODUCT_BUNDLE_IDENTIFIER = net.macnpc.DatePickerTests;
				PRODUCT_NAME = "$(TARGET_NAME)";
				SWIFT_VERSION = 5.0;
				TARGETED_DEVICE_FAMILY = "1,2";
				TEST_HOST = "$(BUILT_PRODUCTS_DIR)/DatePicker.app/DatePicker";
			};
			name = Debug;
		};
		6A3CFEC7266F8C4D00911979 /* Release */ = {
			isa = XCBuildConfiguration;
			buildSettings = {
				ALWAYS_EMBED_SWIFT_STANDARD_LIBRARIES = YES;
				BUNDLE_LOADER = "$(TEST_HOST)";
				CODE_SIGN_STYLE = Automatic;
				INFOPLIST_FILE = DatePickerTests/Info.plist;
				IPHONEOS_DEPLOYMENT_TARGET = 14.5;
				LD_RUNPATH_SEARCH_PATHS = (
					"$(inherited)",
					"@executable_path/Frameworks",
					"@loader_path/Frameworks",
				);
				PRODUCT_BUNDLE_IDENTIFIER = net.macnpc.DatePickerTests;
				PRODUCT_NAME = "$(TARGET_NAME)";
				SWIFT_VERSION = 5.0;
				TARGETED_DEVICE_FAMILY = "1,2";
				TEST_HOST = "$(BUILT_PRODUCTS_DIR)/DatePicker.app/DatePicker";
			};
			name = Release;
		};
		6A3CFEC9266F8C4D00911979 /* Debug */ = {
			isa = XCBuildConfiguration;
			buildSettings = {
				ALWAYS_EMBED_SWIFT_STANDARD_LIBRARIES = YES;
				CODE_SIGN_STYLE = Automatic;
				INFOPLIST_FILE = DatePickerUITests/Info.plist;
				LD_RUNPATH_SEARCH_PATHS = (
					"$(inherited)",
					"@executable_path/Frameworks",
					"@loader_path/Frameworks",
				);
				PRODUCT_BUNDLE_IDENTIFIER = net.macnpc.DatePickerUITests;
				PRODUCT_NAME = "$(TARGET_NAME)";
				SWIFT_VERSION = 5.0;
				TARGETED_DEVICE_FAMILY = "1,2";
				TEST_TARGET_NAME = DatePicker;
			};
			name = Debug;
		};
		6A3CFECA266F8C4D00911979 /* Release */ = {
			isa = XCBuildConfiguration;
			buildSettings = {
				ALWAYS_EMBED_SWIFT_STANDARD_LIBRARIES = YES;
				CODE_SIGN_STYLE = Automatic;
				INFOPLIST_FILE = DatePickerUITests/Info.plist;
				LD_RUNPATH_SEARCH_PATHS = (
					"$(inherited)",
					"@executable_path/Frameworks",
					"@loader_path/Frameworks",
				);
				PRODUCT_BUNDLE_IDENTIFIER = net.macnpc.DatePickerUITests;
				PRODUCT_NAME = "$(TARGET_NAME)";
				SWIFT_VERSION = 5.0;
				TARGETED_DEVICE_FAMILY = "1,2";
				TEST_TARGET_NAME = DatePicker;
			};
			name = Release;
		};
/* End XCBuildConfiguration section */

/* Begin XCConfigurationList section */
		6A3CFE93266F8C4B00911979 /* Build configuration list for PBXProject "DatePicker" */ = {
			isa = XCConfigurationList;
			buildConfigurations = (
				6A3CFEC0266F8C4D00911979 /* Debug */,
				6A3CFEC1266F8C4D00911979 /* Release */,
			);
			defaultConfigurationIsVisible = 0;
			defaultConfigurationName = Release;
		};
		6A3CFEC2266F8C4D00911979 /* Build configuration list for PBXNativeTarget "DatePicker" */ = {
			isa = XCConfigurationList;
			buildConfigurations = (
				6A3CFEC3266F8C4D00911979 /* Debug */,
				6A3CFEC4266F8C4D00911979 /* Release */,
			);
			defaultConfigurationIsVisible = 0;
			defaultConfigurationName = Release;
		};
		6A3CFEC5266F8C4D00911979 /* Build configuration list for PBXNativeTarget "DatePickerTests" */ = {
			isa = XCConfigurationList;
			buildConfigurations = (
				6A3CFEC6266F8C4D00911979 /* Debug */,
				6A3CFEC7266F8C4D00911979 /* Release */,
			);
			defaultConfigurationIsVisible = 0;
			defaultConfigurationName = Release;
		};
		6A3CFEC8266F8C4D00911979 /* Build configuration list for PBXNativeTarget "DatePickerUITests" */ = {
			isa = XCConfigurationList;
			buildConfigurations = (
				6A3CFEC9266F8C4D00911979 /* Debug */,
				6A3CFECA266F8C4D00911979 /* Release */,
			);
			defaultConfigurationIsVisible = 0;
			defaultConfigurationName = Release;
		};
/* End XCConfigurationList section */
	};
	rootObject = 6A3CFE90266F8C4B00911979 /* Project object */;
}
