// !$*UTF8*$!
{
	archiveVersion = 1;
	classes = {
	};
	objectVersion = 50;
	objects = {

/* Begin PBXBuildFile section */
		6A3CFED82670A1BC00911979 /* AppDelegate.swift in Sources */ = {isa = PBXBuildFile; fileRef = 6A3CFED72670A1BC00911979 /* AppDelegate.swift */; };
		6A3CFEDA2670A1BC00911979 /* SceneDelegate.swift in Sources */ = {isa = PBXBuildFile; fileRef = 6A3CFED92670A1BC00911979 /* SceneDelegate.swift */; };
		6A3CFEDC2670A1BC00911979 /* ViewController.swift in Sources */ = {isa = PBXBuildFile; fileRef = 6A3CFEDB2670A1BC00911979 /* ViewController.swift */; };
		6A3CFEDF2670A1BC00911979 /* Main.storyboard in Resources */ = {isa = PBXBuildFile; fileRef = 6A3CFEDD2670A1BC00911979 /* Main.storyboard */; };
		6A3CFEE12670A1BD00911979 /* Assets.xcassets in Resources */ = {isa = PBXBuildFile; fileRef = 6A3CFEE02670A1BD00911979 /* Assets.xcassets */; };
		6A3CFEE42670A1BD00911979 /* LaunchScreen.storyboard in Resources */ = {isa = PBXBuildFile; fileRef = 6A3CFEE22670A1BD00911979 /* LaunchScreen.storyboard */; };
		6A3CFEEF2670A1BD00911979 /* PickerViewTests.swift in Sources */ = {isa = PBXBuildFile; fileRef = 6A3CFEEE2670A1BD00911979 /* PickerViewTests.swift */; };
		6A3CFEFA2670A1BD00911979 /* PickerViewUITests.swift in Sources */ = {isa = PBXBuildFile; fileRef = 6A3CFEF92670A1BD00911979 /* PickerViewUITests.swift */; };
		6A3CFF102670A28900911979 /* 3.jpg in Resources */ = {isa = PBXBuildFile; fileRef = 6A3CFF082670A28900911979 /* 3.jpg */; };
		6A3CFF112670A28900911979 /* 2.jpg in Resources */ = {isa = PBXBuildFile; fileRef = 6A3CFF092670A28900911979 /* 2.jpg */; };
		6A3CFF122670A28900911979 /* 8.jpg in Resources */ = {isa = PBXBuildFile; fileRef = 6A3CFF0A2670A28900911979 /* 8.jpg */; };
		6A3CFF132670A28900911979 /* 7.jpg in Resources */ = {isa = PBXBuildFile; fileRef = 6A3CFF0B2670A28900911979 /* 7.jpg */; };
		6A3CFF142670A28900911979 /* 1.jpg in Resources */ = {isa = PBXBuildFile; fileRef = 6A3CFF0C2670A28900911979 /* 1.jpg */; };
		6A3CFF152670A28900911979 /* 6.jpg in Resources */ = {isa = PBXBuildFile; fileRef = 6A3CFF0D2670A28900911979 /* 6.jpg */; };
		6A3CFF162670A28900911979 /* 4.jpg in Resources */ = {isa = PBXBuildFile; fileRef = 6A3CFF0E2670A28900911979 /* 4.jpg */; };
		6A3CFF172670A28900911979 /* 5.jpg in Resources */ = {isa = PBXBuildFile; fileRef = 6A3CFF0F2670A28900911979 /* 5.jpg */; };
/* End PBXBuildFile section */

/* Begin PBXContainerItemProxy section */
		6A3CFEEB2670A1BD00911979 /* PBXContainerItemProxy */ = {
			isa = PBXContainerItemProxy;
			containerPortal = 6A3CFECC2670A1BC00911979 /* Project object */;
			proxyType = 1;
			remoteGlobalIDString = 6A3CFED32670A1BC00911979;
			remoteInfo = PickerView;
		};
		6A3CFEF62670A1BD00911979 /* PBXContainerItemProxy */ = {
			isa = PBXContainerItemProxy;
			containerPortal = 6A3CFECC2670A1BC00911979 /* Project object */;
			proxyType = 1;
			remoteGlobalIDString = 6A3CFED32670A1BC00911979;
			remoteInfo = PickerView;
		};
/* End PBXContainerItemProxy section */

/* Begin PBXFileReference section */
		6A3CFED42670A1BC00911979 /* PickerView.app */ = {isa = PBXFileReference; explicitFileType = wrapper.application; includeInIndex = 0; path = PickerView.app; sourceTree = BUILT_PRODUCTS_DIR; };
		6A3CFED72670A1BC00911979 /* AppDelegate.swift */ = {isa = PBXFileReference; lastKnownFileType = sourcecode.swift; path = AppDelegate.swift; sourceTree = "<group>"; };
		6A3CFED92670A1BC00911979 /* SceneDelegate.swift */ = {isa = PBXFileReference; lastKnownFileType = sourcecode.swift; path = SceneDelegate.swift; sourceTree = "<group>"; };
		6A3CFEDB2670A1BC00911979 /* ViewController.swift */ = {isa = PBXFileReference; lastKnownFileType = sourcecode.swift; path = ViewController.swift; sourceTree = "<group>"; };
		6A3CFEDE2670A1BC00911979 /* Base */ = {isa = PBXFileReference; lastKnownFileType = file.storyboard; name = Base; path = Base.lproj/Main.storyboard; sourceTree = "<group>"; };
		6A3CFEE02670A1BD00911979 /* Assets.xcassets */ = {isa = PBXFileReference; lastKnownFileType = folder.assetcatalog; path = Assets.xcassets; sourceTree = "<group>"; };
		6A3CFEE32670A1BD00911979 /* Base */ = {isa = PBXFileReference; lastKnownFileType = file.storyboard; name = Base; path = Base.lproj/LaunchScreen.storyboard; sourceTree = "<group>"; };
		6A3CFEE52670A1BD00911979 /* Info.plist */ = {isa = PBXFileReference; lastKnownFileType = text.plist.xml; path = Info.plist; sourceTree = "<group>"; };
		6A3CFEEA2670A1BD00911979 /* PickerViewTests.xctest */ = {isa = PBXFileReference; explicitFileType = wrapper.cfbundle; includeInIndex = 0; path = PickerViewTests.xctest; sourceTree = BUILT_PRODUCTS_DIR; };
		6A3CFEEE2670A1BD00911979 /* PickerViewTests.swift */ = {isa = PBXFileReference; lastKnownFileType = sourcecode.swift; path = PickerViewTests.swift; sourceTree = "<group>"; };
		6A3CFEF02670A1BD00911979 /* Info.plist */ = {isa = PBXFileReference; lastKnownFileType = text.plist.xml; path = Info.plist; sourceTree = "<group>"; };
		6A3CFEF52670A1BD00911979 /* PickerViewUITests.xctest */ = {isa = PBXFileReference; explicitFileType = wrapper.cfbundle; includeInIndex = 0; path = PickerViewUITests.xctest; sourceTree = BUILT_PRODUCTS_DIR; };
		6A3CFEF92670A1BD00911979 /* PickerViewUITests.swift */ = {isa = PBXFileReference; lastKnownFileType = sourcecode.swift; path = PickerViewUITests.swift; sourceTree = "<group>"; };
		6A3CFEFB2670A1BD00911979 /* Info.plist */ = {isa = PBXFileReference; lastKnownFileType = text.plist.xml; path = Info.plist; sourceTree = "<group>"; };
		6A3CFF082670A28900911979 /* 3.jpg */ = {isa = PBXFileReference; lastKnownFileType = image.jpeg; path = 3.jpg; sourceTree = "<group>"; };
		6A3CFF092670A28900911979 /* 2.jpg */ = {isa = PBXFileReference; lastKnownFileType = image.jpeg; path = 2.jpg; sourceTree = "<group>"; };
		6A3CFF0A2670A28900911979 /* 8.jpg */ = {isa = PBXFileReference; lastKnownFileType = image.jpeg; path = 8.jpg; sourceTree = "<group>"; };
		6A3CFF0B2670A28900911979 /* 7.jpg */ = {isa = PBXFileReference; lastKnownFileType = image.jpeg; path = 7.jpg; sourceTree = "<group>"; };
		6A3CFF0C2670A28900911979 /* 1.jpg */ = {isa = PBXFileReference; lastKnownFileType = image.jpeg; path = 1.jpg; sourceTree = "<group>"; };
		6A3CFF0D2670A28900911979 /* 6.jpg */ = {isa = PBXFileReference; lastKnownFileType = image.jpeg; path = 6.jpg; sourceTree = "<group>"; };
		6A3CFF0E2670A28900911979 /* 4.jpg */ = {isa = PBXFileReference; lastKnownFileType = image.jpeg; path = 4.jpg; sourceTree = "<group>"; };
		6A3CFF0F2670A28900911979 /* 5.jpg */ = {isa = PBXFileReference; lastKnownFileType = image.jpeg; path = 5.jpg; sourceTree = "<group>"; };
/* End PBXFileReference section */

/* Begin PBXFrameworksBuildPhase section */
		6A3CFED12670A1BC00911979 /* Frameworks */ = {
			isa = PBXFrameworksBuildPhase;
			buildActionMask = 2147483647;
			files = (
			);
			runOnlyForDeploymentPostprocessing = 0;
		};
		6A3CFEE72670A1BD00911979 /* Frameworks */ = {
			isa = PBXFrameworksBuildPhase;
			buildActionMask = 2147483647;
			files = (
			);
			runOnlyForDeploymentPostprocessing = 0;
		};
		6A3CFEF22670A1BD00911979 /* Frameworks */ = {
			isa = PBXFrameworksBuildPhase;
			buildActionMask = 2147483647;
			files = (
			);
			runOnlyForDeploymentPostprocessing = 0;
		};
/* End PBXFrameworksBuildPhase section */

/* Begin PBXGroup section */
		6A3CFECB2670A1BC00911979 = {
			isa = PBXGroup;
			children = (
				6A3CFED62670A1BC00911979 /* PickerView */,
				6A3CFEED2670A1BD00911979 /* PickerViewTests */,
				6A3CFEF82670A1BD00911979 /* PickerViewUITests */,
				6A3CFED52670A1BC00911979 /* Products */,
			);
			sourceTree = "<group>";
		};
		6A3CFED52670A1BC00911979 /* Products */ = {
			isa = PBXGroup;
			children = (
				6A3CFED42670A1BC00911979 /* PickerView.app */,
				6A3CFEEA2670A1BD00911979 /* PickerViewTests.xctest */,
				6A3CFEF52670A1BD00911979 /* PickerViewUITests.xctest */,
			);
			name = Products;
			sourceTree = "<group>";
		};
		6A3CFED62670A1BC00911979 /* PickerView */ = {
			isa = PBXGroup;
			children = (
				6A3CFF072670A22600911979 /* images */,
				6A3CFED72670A1BC00911979 /* AppDelegate.swift */,
				6A3CFED92670A1BC00911979 /* SceneDelegate.swift */,
				6A3CFEDB2670A1BC00911979 /* ViewController.swift */,
				6A3CFEDD2670A1BC00911979 /* Main.storyboard */,
				6A3CFEE02670A1BD00911979 /* Assets.xcassets */,
				6A3CFEE22670A1BD00911979 /* LaunchScreen.storyboard */,
				6A3CFEE52670A1BD00911979 /* Info.plist */,
			);
			path = PickerView;
			sourceTree = "<group>";
		};
		6A3CFEED2670A1BD00911979 /* PickerViewTests */ = {
			isa = PBXGroup;
			children = (
				6A3CFEEE2670A1BD00911979 /* PickerViewTests.swift */,
				6A3CFEF02670A1BD00911979 /* Info.plist */,
			);
			path = PickerViewTests;
			sourceTree = "<group>";
		};
		6A3CFEF82670A1BD00911979 /* PickerViewUITests */ = {
			isa = PBXGroup;
			children = (
				6A3CFEF92670A1BD00911979 /* PickerViewUITests.swift */,
				6A3CFEFB2670A1BD00911979 /* Info.plist */,
			);
			path = PickerViewUITests;
			sourceTree = "<group>";
		};
		6A3CFF072670A22600911979 /* images */ = {
			isa = PBXGroup;
			children = (
				6A3CFF0C2670A28900911979 /* 1.jpg */,
				6A3CFF092670A28900911979 /* 2.jpg */,
				6A3CFF082670A28900911979 /* 3.jpg */,
				6A3CFF0E2670A28900911979 /* 4.jpg */,
				6A3CFF0F2670A28900911979 /* 5.jpg */,
				6A3CFF0D2670A28900911979 /* 6.jpg */,
				6A3CFF0B2670A28900911979 /* 7.jpg */,
				6A3CFF0A2670A28900911979 /* 8.jpg */,
			);
			path = images;
			sourceTree = "<group>";
		};
/* End PBXGroup section */

/* Begin PBXNativeTarget section */
		6A3CFED32670A1BC00911979 /* PickerView */ = {
			isa = PBXNativeTarget;
			buildConfigurationList = 6A3CFEFE2670A1BD00911979 /* Build configuration list for PBXNativeTarget "PickerView" */;
			buildPhases = (
				6A3CFED02670A1BC00911979 /* Sources */,
				6A3CFED12670A1BC00911979 /* Frameworks */,
				6A3CFED22670A1BC00911979 /* Resources */,
			);
			buildRules = (
			);
			dependencies = (
			);
			name = PickerView;
			productName = PickerView;
			productReference = 6A3CFED42670A1BC00911979 /* PickerView.app */;
			productType = "com.apple.product-type.application";
		};
		6A3CFEE92670A1BD00911979 /* PickerViewTests */ = {
			isa = PBXNativeTarget;
			buildConfigurationList = 6A3CFF012670A1BD00911979 /* Build configuration list for PBXNativeTarget "PickerViewTests" */;
			buildPhases = (
				6A3CFEE62670A1BD00911979 /* Sources */,
				6A3CFEE72670A1BD00911979 /* Frameworks */,
				6A3CFEE82670A1BD00911979 /* Resources */,
			);
			buildRules = (
			);
			dependencies = (
				6A3CFEEC2670A1BD00911979 /* PBXTargetDependency */,
			);
			name = PickerViewTests;
			productName = PickerViewTests;
			productReference = 6A3CFEEA2670A1BD00911979 /* PickerViewTests.xctest */;
			productType = "com.apple.product-type.bundle.unit-test";
		};
		6A3CFEF42670A1BD00911979 /* PickerViewUITests */ = {
			isa = PBXNativeTarget;
			buildConfigurationList = 6A3CFF042670A1BD00911979 /* Build configuration list for PBXNativeTarget "PickerViewUITests" */;
			buildPhases = (
				6A3CFEF12670A1BD00911979 /* Sources */,
				6A3CFEF22670A1BD00911979 /* Frameworks */,
				6A3CFEF32670A1BD00911979 /* Resources */,
			);
			buildRules = (
			);
			dependencies = (
				6A3CFEF72670A1BD00911979 /* PBXTargetDependency */,
			);
			name = PickerViewUITests;
			productName = PickerViewUITests;
			productReference = 6A3CFEF52670A1BD00911979 /* PickerViewUITests.xctest */;
			productType = "com.apple.product-type.bundle.ui-testing";
		};
/* End PBXNativeTarget section */

/* Begin PBXProject section */
		6A3CFECC2670A1BC00911979 /* Project object */ = {
			isa = PBXProject;
			attributes = {
				LastSwiftUpdateCheck = 1250;
				LastUpgradeCheck = 1250;
				TargetAttributes = {
					6A3CFED32670A1BC00911979 = {
						CreatedOnToolsVersion = 12.5;
					};
					6A3CFEE92670A1BD00911979 = {
						CreatedOnToolsVersion = 12.5;
						TestTargetID = 6A3CFED32670A1BC00911979;
					};
					6A3CFEF42670A1BD00911979 = {
						CreatedOnToolsVersion = 12.5;
						TestTargetID = 6A3CFED32670A1BC00911979;
					};
				};
			};
			buildConfigurationList = 6A3CFECF2670A1BC00911979 /* Build configuration list for PBXProject "PickerView" */;
			compatibilityVersion = "Xcode 9.3";
			developmentRegion = en;
			hasScannedForEncodings = 0;
			knownRegions = (
				en,
				Base,
			);
			mainGroup = 6A3CFECB2670A1BC00911979;
			productRefGroup = 6A3CFED52670A1BC00911979 /* Products */;
			projectDirPath = "";
			projectRoot = "";
			targets = (
				6A3CFED32670A1BC00911979 /* PickerView */,
				6A3CFEE92670A1BD00911979 /* PickerViewTests */,
				6A3CFEF42670A1BD00911979 /* PickerViewUITests */,
			);
		};
/* End PBXProject section */

/* Begin PBXResourcesBuildPhase section */
		6A3CFED22670A1BC00911979 /* Resources */ = {
			isa = PBXResourcesBuildPhase;
			buildActionMask = 2147483647;
			files = (
				6A3CFF172670A28900911979 /* 5.jpg in Resources */,
				6A3CFF152670A28900911979 /* 6.jpg in Resources */,
				6A3CFF122670A28900911979 /* 8.jpg in Resources */,
				6A3CFEE42670A1BD00911979 /* LaunchScreen.storyboard in Resources */,
				6A3CFEE12670A1BD00911979 /* Assets.xcassets in Resources */,
				6A3CFF132670A28900911979 /* 7.jpg in Resources */,
				6A3CFF112670A28900911979 /* 2.jpg in Resources */,
				6A3CFF142670A28900911979 /* 1.jpg in Resources */,
				6A3CFEDF2670A1BC00911979 /* Main.storyboard in Resources */,
				6A3CFF162670A28900911979 /* 4.jpg in Resources */,
				6A3CFF102670A28900911979 /* 3.jpg in Resources */,
			);
			runOnlyForDeploymentPostprocessing = 0;
		};
		6A3CFEE82670A1BD00911979 /* Resources */ = {
			isa = PBXResourcesBuildPhase;
			buildActionMask = 2147483647;
			files = (
			);
			runOnlyForDeploymentPostprocessing = 0;
		};
		6A3CFEF32670A1BD00911979 /* Resources */ = {
			isa = PBXResourcesBuildPhase;
			buildActionMask = 2147483647;
			files = (
			);
			runOnlyForDeploymentPostprocessing = 0;
		};
/* End PBXResourcesBuildPhase section */

/* Begin PBXSourcesBuildPhase section */
		6A3CFED02670A1BC00911979 /* Sources */ = {
			isa = PBXSourcesBuildPhase;
			buildActionMask = 2147483647;
			files = (
				6A3CFEDC2670A1BC00911979 /* ViewController.swift in Sources */,
				6A3CFED82670A1BC00911979 /* AppDelegate.swift in Sources */,
				6A3CFEDA2670A1BC00911979 /* SceneDelegate.swift in Sources */,
			);
			runOnlyForDeploymentPostprocessing = 0;
		};
		6A3CFEE62670A1BD00911979 /* Sources */ = {
			isa = PBXSourcesBuildPhase;
			buildActionMask = 2147483647;
			files = (
				6A3CFEEF2670A1BD00911979 /* PickerViewTests.swift in Sources */,
			);
			runOnlyForDeploymentPostprocessing = 0;
		};
		6A3CFEF12670A1BD00911979 /* Sources */ = {
			isa = PBXSourcesBuildPhase;
			buildActionMask = 2147483647;
			files = (
				6A3CFEFA2670A1BD00911979 /* PickerViewUITests.swift in Sources */,
			);
			runOnlyForDeploymentPostprocessing = 0;
		};
/* End PBXSourcesBuildPhase section */

/* Begin PBXTargetDependency section */
		6A3CFEEC2670A1BD00911979 /* PBXTargetDependency */ = {
			isa = PBXTargetDependency;
			target = 6A3CFED32670A1BC00911979 /* PickerView */;
			targetProxy = 6A3CFEEB2670A1BD00911979 /* PBXContainerItemProxy */;
		};
		6A3CFEF72670A1BD00911979 /* PBXTargetDependency */ = {
			isa = PBXTargetDependency;
			target = 6A3CFED32670A1BC00911979 /* PickerView */;
			targetProxy = 6A3CFEF62670A1BD00911979 /* PBXContainerItemProxy */;
		};
/* End PBXTargetDependency section */

/* Begin PBXVariantGroup section */
		6A3CFEDD2670A1BC00911979 /* Main.storyboard */ = {
			isa = PBXVariantGroup;
			children = (
				6A3CFEDE2670A1BC00911979 /* Base */,
			);
			name = Main.storyboard;
			sourceTree = "<group>";
		};
		6A3CFEE22670A1BD00911979 /* LaunchScreen.storyboard */ = {
			isa = PBXVariantGroup;
			children = (
				6A3CFEE32670A1BD00911979 /* Base */,
			);
			name = LaunchScreen.storyboard;
			sourceTree = "<group>";
		};
/* End PBXVariantGroup section */

/* Begin XCBuildConfiguration section */
		6A3CFEFC2670A1BD00911979 /* Debug */ = {
			isa = XCBuildConfiguration;
			buildSettings = {
				ALWAYS_SEARCH_USER_PATHS = NO;
				CLANG_ANALYZER_NONNULL = YES;
				CLANG_ANALYZER_NUMBER_OBJECT_CONVERSION = YES_AGGRESSIVE;
				CLANG_CXX_LANGUAGE_STANDARD = "gnu++14";
				CLANG_CXX_LIBRARY = "libc++";
				CLANG_ENABLE_MODULES = YES;
				CLANG_ENABLE_OBJC_ARC = YES;
				CLANG_ENABLE_OBJC_WEAK = YES;
				CLANG_WARN_BLOCK_CAPTURE_AUTORELEASING = YES;
				CLANG_WARN_BOOL_CONVERSION = YES;
				CLANG_WARN_COMMA = YES;
				CLANG_WARN_CONSTANT_CONVERSION = YES;
				CLANG_WARN_DEPRECATED_OBJC_IMPLEMENTATIONS = YES;
				CLANG_WARN_DIRECT_OBJC_ISA_USAGE = YES_ERROR;
				CLANG_WARN_DOCUMENTATION_COMMENTS = YES;
				CLANG_WARN_EMPTY_BODY = YES;
				CLANG_WARN_ENUM_CONVERSION = YES;
				CLANG_WARN_INFINITE_RECURSION = YES;
				CLANG_WARN_INT_CONVERSION = YES;
				CLANG_WARN_NON_LITERAL_NULL_CONVERSION = YES;
				CLANG_WARN_OBJC_IMPLICIT_RETAIN_SELF = YES;
				CLANG_WARN_OBJC_LITERAL_CONVERSION = YES;
				CLANG_WARN_OBJC_ROOT_CLASS = YES_ERROR;
				CLANG_WARN_QUOTED_INCLUDE_IN_FRAMEWORK_HEADER = YES;
				CLANG_WARN_RANGE_LOOP_ANALYSIS = YES;
				CLANG_WARN_STRICT_PROTOTYPES = YES;
				CLANG_WARN_SUSPICIOUS_MOVE = YES;
				CLANG_WARN_UNGUARDED_AVAILABILITY = YES_AGGRESSIVE;
				CLANG_WARN_UNREACHABLE_CODE = YES;
				CLANG_WARN__DUPLICATE_METHOD_MATCH = YES;
				COPY_PHASE_STRIP = NO;
				DEBUG_INFORMATION_FORMAT = dwarf;
				ENABLE_STRICT_OBJC_MSGSEND = YES;
				ENABLE_TESTABILITY = YES;
				GCC_C_LANGUAGE_STANDARD = gnu11;
				GCC_DYNAMIC_NO_PIC = NO;
				GCC_NO_COMMON_BLOCKS = YES;
				GCC_OPTIMIZATION_LEVEL = 0;
				GCC_PREPROCESSOR_DEFINITIONS = (
					"DEBUG=1",
					"$(inherited)",
				);
				GCC_WARN_64_TO_32_BIT_CONVERSION = YES;
				GCC_WARN_ABOUT_RETURN_TYPE = YES_ERROR;
				GCC_WARN_UNDECLARED_SELECTOR = YES;
				GCC_WARN_UNINITIALIZED_AUTOS = YES_AGGRESSIVE;
				GCC_WARN_UNUSED_FUNCTION = YES;
				GCC_WARN_UNUSED_VARIABLE = YES;
				IPHONEOS_DEPLOYMENT_TARGET = 14.5;
				MTL_ENABLE_DEBUG_INFO = INCLUDE_SOURCE;
				MTL_FAST_MATH = YES;
				ONLY_ACTIVE_ARCH = YES;
				SDKROOT = iphoneos;
				SWIFT_ACTIVE_COMPILATION_CONDITIONS = DEBUG;
				SWIFT_OPTIMIZATION_LEVEL = "-Onone";
			};
			name = Debug;
		};
		6A3CFEFD2670A1BD00911979 /* Release */ = {
			isa = XCBuildConfiguration;
			buildSettings = {
				ALWAYS_SEARCH_USER_PATHS = NO;
				CLANG_ANALYZER_NONNULL = YES;
				CLANG_ANALYZER_NUMBER_OBJECT_CONVERSION = YES_AGGRESSIVE;
				CLANG_CXX_LANGUAGE_STANDARD = "gnu++14";
				CLANG_CXX_LIBRARY = "libc++";
				CLANG_ENABLE_MODULES = YES;
				CLANG_ENABLE_OBJC_ARC = YES;
				CLANG_ENABLE_OBJC_WEAK = YES;
				CLANG_WARN_BLOCK_CAPTURE_AUTORELEASING = YES;
				CLANG_WARN_BOOL_CONVERSION = YES;
				CLANG_WARN_COMMA = YES;
				CLANG_WARN_CONSTANT_CONVERSION = YES;
				CLANG_WARN_DEPRECATED_OBJC_IMPLEMENTATIONS = YES;
				CLANG_WARN_DIRECT_OBJC_ISA_USAGE = YES_ERROR;
				CLANG_WARN_DOCUMENTATION_COMMENTS = YES;
				CLANG_WARN_EMPTY_BODY = YES;
				CLANG_WARN_ENUM_CONVERSION = YES;
				CLANG_WARN_INFINITE_RECURSION = YES;
				CLANG_WARN_INT_CONVERSION = YES;
				CLANG_WARN_NON_LITERAL_NULL_CONVERSION = YES;
				CLANG_WARN_OBJC_IMPLICIT_RETAIN_SELF = YES;
				CLANG_WARN_OBJC_LITERAL_CONVERSION = YES;
				CLANG_WARN_OBJC_ROOT_CLASS = YES_ERROR;
				CLANG_WARN_QUOTED_INCLUDE_IN_FRAMEWORK_HEADER = YES;
				CLANG_WARN_RANGE_LOOP_ANALYSIS = YES;
				CLANG_WARN_STRICT_PROTOTYPES = YES;
				CLANG_WARN_SUSPICIOUS_MOVE = YES;
				CLANG_WARN_UNGUARDED_AVAILABILITY = YES_AGGRESSIVE;
				CLANG_WARN_UNREACHABLE_CODE = YES;
				CLANG_WARN__DUPLICATE_METHOD_MATCH = YES;
				COPY_PHASE_STRIP = NO;
				DEBUG_INFORMATION_FORMAT = "dwarf-with-dsym";
				ENABLE_NS_ASSERTIONS = NO;
				ENABLE_STRICT_OBJC_MSGSEND = YES;
				GCC_C_LANGUAGE_STANDARD = gnu11;
				GCC_NO_COMMON_BLOCKS = YES;
				GCC_WARN_64_TO_32_BIT_CONVERSION = YES;
				GCC_WARN_ABOUT_RETURN_TYPE = YES_ERROR;
				GCC_WARN_UNDECLARED_SELECTOR = YES;
				GCC_WARN_UNINITIALIZED_AUTOS = YES_AGGRESSIVE;
				GCC_WARN_UNUSED_FUNCTION = YES;
				GCC_WARN_UNUSED_VARIABLE = YES;
				IPHONEOS_DEPLOYMENT_TARGET = 14.5;
				MTL_ENABLE_DEBUG_INFO = NO;
				MTL_FAST_MATH = YES;
				SDKROOT = iphoneos;
				SWIFT_COMPILATION_MODE = wholemodule;
				SWIFT_OPTIMIZATION_LEVEL = "-O";
				VALIDATE_PRODUCT = YES;
			};
			name = Release;
		};
		6A3CFEFF2670A1BD00911979 /* Debug */ = {
			isa = XCBuildConfiguration;
			buildSettings = {
				ASSETCATALOG_COMPILER_APPICON_NAME = AppIcon;
				ASSETCATALOG_COMPILER_GLOBAL_ACCENT_COLOR_NAME = AccentColor;
				CODE_SIGN_STYLE = Automatic;
				INFOPLIST_FILE = PickerView/Info.plist;
				LD_RUNPATH_SEARCH_PATHS = (
					"$(inherited)",
					"@executable_path/Frameworks",
				);
				PRODUCT_BUNDLE_IDENTIFIER = net.macnpc.PickerView;
				PRODUCT_NAME = "$(TARGET_NAME)";
				SWIFT_VERSION = 5.0;
				TARGETED_DEVICE_FAMILY = "1,2";
			};
			name = Debug;
		};
		6A3CFF002670A1BD00911979 /* Release */ = {
			isa = XCBuildConfiguration;
			buildSettings = {
				ASSETCATALOG_COMPILER_APPICON_NAME = AppIcon;
				ASSETCATALOG_COMPILER_GLOBAL_ACCENT_COLOR_NAME = AccentColor;
				CODE_SIGN_STYLE = Automatic;
				INFOPLIST_FILE = PickerView/Info.plist;
				LD_RUNPATH_SEARCH_PATHS = (
					"$(inherited)",
					"@executable_path/Frameworks",
				);
				PRODUCT_BUNDLE_IDENTIFIER = net.macnpc.PickerView;
				PRODUCT_NAME = "$(TARGET_NAME)";
				SWIFT_VERSION = 5.0;
				TARGETED_DEVICE_FAMILY = "1,2";
			};
			name = Release;
		};
		6A3CFF022670A1BD00911979 /* Debug */ = {
			isa = XCBuildConfiguration;
			buildSettings = {
				ALWAYS_EMBED_SWIFT_STANDARD_LIBRARIES = YES;
				BUNDLE_LOADER = "$(TEST_HOST)";
				CODE_SIGN_STYLE = Automatic;
				INFOPLIST_FILE = PickerViewTests/Info.plist;
				IPHONEOS_DEPLOYMENT_TARGET = 14.5;
				LD_RUNPATH_SEARCH_PATHS = (
					"$(inherited)",
					"@executable_path/Frameworks",
					"@loader_path/Frameworks",
				);
				PRODUCT_BUNDLE_IDENTIFIER = net.macnpc.PickerViewTests;
				PRODUCT_NAME = "$(TARGET_NAME)";
				SWIFT_VERSION = 5.0;
				TARGETED_DEVICE_FAMILY = "1,2";
				TEST_HOST = "$(BUILT_PRODUCTS_DIR)/PickerView.app/PickerView";
			};
			name = Debug;
		};
		6A3CFF032670A1BD00911979 /* Release */ = {
			isa = XCBuildConfiguration;
			buildSettings = {
				ALWAYS_EMBED_SWIFT_STANDARD_LIBRARIES = YES;
				BUNDLE_LOADER = "$(TEST_HOST)";
				CODE_SIGN_STYLE = Automatic;
				INFOPLIST_FILE = PickerViewTests/Info.plist;
				IPHONEOS_DEPLOYMENT_TARGET = 14.5;
				LD_RUNPATH_SEARCH_PATHS = (
					"$(inherited)",
					"@executable_path/Frameworks",
					"@loader_path/Frameworks",
				);
				PRODUCT_BUNDLE_IDENTIFIER = net.macnpc.PickerViewTests;
				PRODUCT_NAME = "$(TARGET_NAME)";
				SWIFT_VERSION = 5.0;
				TARGETED_DEVICE_FAMILY = "1,2";
				TEST_HOST = "$(BUILT_PRODUCTS_DIR)/PickerView.app/PickerView";
			};
			name = Release;
		};
		6A3CFF052670A1BD00911979 /* Debug */ = {
			isa = XCBuildConfiguration;
			buildSettings = {
				ALWAYS_EMBED_SWIFT_STANDARD_LIBRARIES = YES;
				CODE_SIGN_STYLE = Automatic;
				INFOPLIST_FILE = PickerViewUITests/Info.plist;
				LD_RUNPATH_SEARCH_PATHS = (
					"$(inherited)",
					"@executable_path/Frameworks",
					"@loader_path/Frameworks",
				);
				PRODUCT_BUNDLE_IDENTIFIER = net.macnpc.PickerViewUITests;
				PRODUCT_NAME = "$(TARGET_NAME)";
				SWIFT_VERSION = 5.0;
				TARGETED_DEVICE_FAMILY = "1,2";
				TEST_TARGET_NAME = PickerView;
			};
			name = Debug;
		};
		6A3CFF062670A1BD00911979 /* Release */ = {
			isa = XCBuildConfiguration;
			buildSettings = {
				ALWAYS_EMBED_SWIFT_STANDARD_LIBRARIES = YES;
				CODE_SIGN_STYLE = Automatic;
				INFOPLIST_FILE = PickerViewUITests/Info.plist;
				LD_RUNPATH_SEARCH_PATHS = (
					"$(inherited)",
					"@executable_path/Frameworks",
					"@loader_path/Frameworks",
				);
				PRODUCT_BUNDLE_IDENTIFIER = net.macnpc.PickerViewUITests;
				PRODUCT_NAME = "$(TARGET_NAME)";
				SWIFT_VERSION = 5.0;
				TARGETED_DEVICE_FAMILY = "1,2";
				TEST_TARGET_NAME = PickerView;
			};
			name = Release;
		};
/* End XCBuildConfiguration section */

/* Begin XCConfigurationList section */
		6A3CFECF2670A1BC00911979 /* Build configuration list for PBXProject "PickerView" */ = {
			isa = XCConfigurationList;
			buildConfigurations = (
				6A3CFEFC2670A1BD00911979 /* Debug */,
				6A3CFEFD2670A1BD00911979 /* Release */,
			);
			defaultConfigurationIsVisible = 0;
			defaultConfigurationName = Release;
		};
		6A3CFEFE2670A1BD00911979 /* Build configuration list for PBXNativeTarget "PickerView" */ = {
			isa = XCConfigurationList;
			buildConfigurations = (
				6A3CFEFF2670A1BD00911979 /* Debug */,
				6A3CFF002670A1BD00911979 /* Release */,
			);
			defaultConfigurationIsVisible = 0;
			defaultConfigurationName = Release;
		};
		6A3CFF012670A1BD00911979 /* Build configuration list for PBXNativeTarget "PickerViewTests" */ = {
			isa = XCConfigurationList;
			buildConfigurations = (
				6A3CFF022670A1BD00911979 /* Debug */,
				6A3CFF032670A1BD00911979 /* Release */,
			);
			defaultConfigurationIsVisible = 0;
			defaultConfigurationName = Release;
		};
		6A3CFF042670A1BD00911979 /* Build configuration list for PBXNativeTarget "PickerViewUITests" */ = {
			isa = XCConfigurationList;
			buildConfigurations = (
				6A3CFF052670A1BD00911979 /* Debug */,
				6A3CFF062670A1BD00911979 /* Release */,
			);
			defaultConfigurationIsVisible = 0;
			defaultConfigurationName = Release;
		};
/* End XCConfigurationList section */
	};
	rootObject = 6A3CFECC2670A1BC00911979 /* Project object */;
}
