// !$*UTF8*$!
{
	archiveVersion = 1;
	classes = {
	};
	objectVersion = 50;
	objects = {

/* Begin PBXBuildFile section */
		6A3C006026775EE500911979 /* AppDelegate.swift in Sources */ = {isa = PBXBuildFile; fileRef = 6A3C005F26775EE500911979 /* AppDelegate.swift */; };
		6A3C006226775EE500911979 /* SceneDelegate.swift in Sources */ = {isa = PBXBuildFile; fileRef = 6A3C006126775EE500911979 /* SceneDelegate.swift */; };
		6A3C006426775EE500911979 /* ViewController.swift in Sources */ = {isa = PBXBuildFile; fileRef = 6A3C006326775EE500911979 /* ViewController.swift */; };
		6A3C006726775EE500911979 /* Main.storyboard in Resources */ = {isa = PBXBuildFile; fileRef = 6A3C006526775EE500911979 /* Main.storyboard */; };
		6A3C006926775EE600911979 /* Assets.xcassets in Resources */ = {isa = PBXBuildFile; fileRef = 6A3C006826775EE600911979 /* Assets.xcassets */; };
		6A3C006C26775EE600911979 /* LaunchScreen.storyboard in Resources */ = {isa = PBXBuildFile; fileRef = 6A3C006A26775EE600911979 /* LaunchScreen.storyboard */; };
		6A3C007726775EE600911979 /* PageControlTests.swift in Sources */ = {isa = PBXBuildFile; fileRef = 6A3C007626775EE600911979 /* PageControlTests.swift */; };
		6A3C008226775EE600911979 /* PageControlUITests.swift in Sources */ = {isa = PBXBuildFile; fileRef = 6A3C008126775EE600911979 /* PageControlUITests.swift */; };
		6A3C009826775F7100911979 /* 6.jpg in Resources */ = {isa = PBXBuildFile; fileRef = 6A3C009026775F7100911979 /* 6.jpg */; };
		6A3C009926775F7100911979 /* 8.jpg in Resources */ = {isa = PBXBuildFile; fileRef = 6A3C009126775F7100911979 /* 8.jpg */; };
		6A3C009A26775F7100911979 /* 2.jpg in Resources */ = {isa = PBXBuildFile; fileRef = 6A3C009226775F7100911979 /* 2.jpg */; };
		6A3C009B26775F7100911979 /* 3.jpg in Resources */ = {isa = PBXBuildFile; fileRef = 6A3C009326775F7100911979 /* 3.jpg */; };
		6A3C009C26775F7100911979 /* 1.jpg in Resources */ = {isa = PBXBuildFile; fileRef = 6A3C009426775F7100911979 /* 1.jpg */; };
		6A3C009D26775F7100911979 /* 4.jpg in Resources */ = {isa = PBXBuildFile; fileRef = 6A3C009526775F7100911979 /* 4.jpg */; };
		6A3C009E26775F7100911979 /* 5.jpg in Resources */ = {isa = PBXBuildFile; fileRef = 6A3C009626775F7100911979 /* 5.jpg */; };
		6A3C009F26775F7100911979 /* 7.jpg in Resources */ = {isa = PBXBuildFile; fileRef = 6A3C009726775F7100911979 /* 7.jpg */; };
/* End PBXBuildFile section */

/* Begin PBXContainerItemProxy section */
		6A3C007326775EE600911979 /* PBXContainerItemProxy */ = {
			isa = PBXContainerItemProxy;
			containerPortal = 6A3C005426775EE500911979 /* Project object */;
			proxyType = 1;
			remoteGlobalIDString = 6A3C005B26775EE500911979;
			remoteInfo = PageControl;
		};
		6A3C007E26775EE600911979 /* PBXContainerItemProxy */ = {
			isa = PBXContainerItemProxy;
			containerPortal = 6A3C005426775EE500911979 /* Project object */;
			proxyType = 1;
			remoteGlobalIDString = 6A3C005B26775EE500911979;
			remoteInfo = PageControl;
		};
/* End PBXContainerItemProxy section */

/* Begin PBXFileReference section */
		6A3C005C26775EE500911979 /* PageControl.app */ = {isa = PBXFileReference; explicitFileType = wrapper.application; includeInIndex = 0; path = PageControl.app; sourceTree = BUILT_PRODUCTS_DIR; };
		6A3C005F26775EE500911979 /* AppDelegate.swift */ = {isa = PBXFileReference; lastKnownFileType = sourcecode.swift; path = AppDelegate.swift; sourceTree = "<group>"; };
		6A3C006126775EE500911979 /* SceneDelegate.swift */ = {isa = PBXFileReference; lastKnownFileType = sourcecode.swift; path = SceneDelegate.swift; sourceTree = "<group>"; };
		6A3C006326775EE500911979 /* ViewController.swift */ = {isa = PBXFileReference; lastKnownFileType = sourcecode.swift; path = ViewController.swift; sourceTree = "<group>"; };
		6A3C006626775EE500911979 /* Base */ = {isa = PBXFileReference; lastKnownFileType = file.storyboard; name = Base; path = Base.lproj/Main.storyboard; sourceTree = "<group>"; };
		6A3C006826775EE600911979 /* Assets.xcassets */ = {isa = PBXFileReference; lastKnownFileType = folder.assetcatalog; path = Assets.xcassets; sourceTree = "<group>"; };
		6A3C006B26775EE600911979 /* Base */ = {isa = PBXFileReference; lastKnownFileType = file.storyboard; name = Base; path = Base.lproj/LaunchScreen.storyboard; sourceTree = "<group>"; };
		6A3C006D26775EE600911979 /* Info.plist */ = {isa = PBXFileReference; lastKnownFileType = text.plist.xml; path = Info.plist; sourceTree = "<group>"; };
		6A3C007226775EE600911979 /* PageControlTests.xctest */ = {isa = PBXFileReference; explicitFileType = wrapper.cfbundle; includeInIndex = 0; path = PageControlTests.xctest; sourceTree = BUILT_PRODUCTS_DIR; };
		6A3C007626775EE600911979 /* PageControlTests.swift */ = {isa = PBXFileReference; lastKnownFileType = sourcecode.swift; path = PageControlTests.swift; sourceTree = "<group>"; };
		6A3C007826775EE600911979 /* Info.plist */ = {isa = PBXFileReference; lastKnownFileType = text.plist.xml; path = Info.plist; sourceTree = "<group>"; };
		6A3C007D26775EE600911979 /* PageControlUITests.xctest */ = {isa = PBXFileReference; explicitFileType = wrapper.cfbundle; includeInIndex = 0; path = PageControlUITests.xctest; sourceTree = BUILT_PRODUCTS_DIR; };
		6A3C008126775EE600911979 /* PageControlUITests.swift */ = {isa = PBXFileReference; lastKnownFileType = sourcecode.swift; path = PageControlUITests.swift; sourceTree = "<group>"; };
		6A3C008326775EE600911979 /* Info.plist */ = {isa = PBXFileReference; lastKnownFileType = text.plist.xml; path = Info.plist; sourceTree = "<group>"; };
		6A3C009026775F7100911979 /* 6.jpg */ = {isa = PBXFileReference; lastKnownFileType = image.jpeg; path = 6.jpg; sourceTree = "<group>"; };
		6A3C009126775F7100911979 /* 8.jpg */ = {isa = PBXFileReference; lastKnownFileType = image.jpeg; path = 8.jpg; sourceTree = "<group>"; };
		6A3C009226775F7100911979 /* 2.jpg */ = {isa = PBXFileReference; lastKnownFileType = image.jpeg; path = 2.jpg; sourceTree = "<group>"; };
		6A3C009326775F7100911979 /* 3.jpg */ = {isa = PBXFileReference; lastKnownFileType = image.jpeg; path = 3.jpg; sourceTree = "<group>"; };
		6A3C009426775F7100911979 /* 1.jpg */ = {isa = PBXFileReference; lastKnownFileType = image.jpeg; path = 1.jpg; sourceTree = "<group>"; };
		6A3C009526775F7100911979 /* 4.jpg */ = {isa = PBXFileReference; lastKnownFileType = image.jpeg; path = 4.jpg; sourceTree = "<group>"; };
		6A3C009626775F7100911979 /* 5.jpg */ = {isa = PBXFileReference; lastKnownFileType = image.jpeg; path = 5.jpg; sourceTree = "<group>"; };
		6A3C009726775F7100911979 /* 7.jpg */ = {isa = PBXFileReference; lastKnownFileType = image.jpeg; path = 7.jpg; sourceTree = "<group>"; };
/* End PBXFileReference section */

/* Begin PBXFrameworksBuildPhase section */
		6A3C005926775EE500911979 /* Frameworks */ = {
			isa = PBXFrameworksBuildPhase;
			buildActionMask = 2147483647;
			files = (
			);
			runOnlyForDeploymentPostprocessing = 0;
		};
		6A3C006F26775EE600911979 /* Frameworks */ = {
			isa = PBXFrameworksBuildPhase;
			buildActionMask = 2147483647;
			files = (
			);
			runOnlyForDeploymentPostprocessing = 0;
		};
		6A3C007A26775EE600911979 /* Frameworks */ = {
			isa = PBXFrameworksBuildPhase;
			buildActionMask = 2147483647;
			files = (
			);
			runOnlyForDeploymentPostprocessing = 0;
		};
/* End PBXFrameworksBuildPhase section */

/* Begin PBXGroup section */
		6A3C005326775EE500911979 = {
			isa = PBXGroup;
			children = (
				6A3C005E26775EE500911979 /* PageControl */,
				6A3C007526775EE600911979 /* PageControlTests */,
				6A3C008026775EE600911979 /* PageControlUITests */,
				6A3C005D26775EE500911979 /* Products */,
			);
			sourceTree = "<group>";
		};
		6A3C005D26775EE500911979 /* Products */ = {
			isa = PBXGroup;
			children = (
				6A3C005C26775EE500911979 /* PageControl.app */,
				6A3C007226775EE600911979 /* PageControlTests.xctest */,
				6A3C007D26775EE600911979 /* PageControlUITests.xctest */,
			);
			name = Products;
			sourceTree = "<group>";
		};
		6A3C005E26775EE500911979 /* PageControl */ = {
			isa = PBXGroup;
			children = (
				6A3C008F26775F5000911979 /* images */,
				6A3C005F26775EE500911979 /* AppDelegate.swift */,
				6A3C006126775EE500911979 /* SceneDelegate.swift */,
				6A3C006326775EE500911979 /* ViewController.swift */,
				6A3C006526775EE500911979 /* Main.storyboard */,
				6A3C006826775EE600911979 /* Assets.xcassets */,
				6A3C006A26775EE600911979 /* LaunchScreen.storyboard */,
				6A3C006D26775EE600911979 /* Info.plist */,
			);
			path = PageControl;
			sourceTree = "<group>";
		};
		6A3C007526775EE600911979 /* PageControlTests */ = {
			isa = PBXGroup;
			children = (
				6A3C007626775EE600911979 /* PageControlTests.swift */,
				6A3C007826775EE600911979 /* Info.plist */,
			);
			path = PageControlTests;
			sourceTree = "<group>";
		};
		6A3C008026775EE600911979 /* PageControlUITests */ = {
			isa = PBXGroup;
			children = (
				6A3C008126775EE600911979 /* PageControlUITests.swift */,
				6A3C008326775EE600911979 /* Info.plist */,
			);
			path = PageControlUITests;
			sourceTree = "<group>";
		};
		6A3C008F26775F5000911979 /* images */ = {
			isa = PBXGroup;
			children = (
				6A3C009426775F7100911979 /* 1.jpg */,
				6A3C009226775F7100911979 /* 2.jpg */,
				6A3C009326775F7100911979 /* 3.jpg */,
				6A3C009526775F7100911979 /* 4.jpg */,
				6A3C009626775F7100911979 /* 5.jpg */,
				6A3C009026775F7100911979 /* 6.jpg */,
				6A3C009726775F7100911979 /* 7.jpg */,
				6A3C009126775F7100911979 /* 8.jpg */,
			);
			path = images;
			sourceTree = "<group>";
		};
/* End PBXGroup section */

/* Begin PBXNativeTarget section */
		6A3C005B26775EE500911979 /* PageControl */ = {
			isa = PBXNativeTarget;
			buildConfigurationList = 6A3C008626775EE600911979 /* Build configuration list for PBXNativeTarget "PageControl" */;
			buildPhases = (
				6A3C005826775EE500911979 /* Sources */,
				6A3C005926775EE500911979 /* Frameworks */,
				6A3C005A26775EE500911979 /* Resources */,
			);
			buildRules = (
			);
			dependencies = (
			);
			name = PageControl;
			productName = PageControl;
			productReference = 6A3C005C26775EE500911979 /* PageControl.app */;
			productType = "com.apple.product-type.application";
		};
		6A3C007126775EE600911979 /* PageControlTests */ = {
			isa = PBXNativeTarget;
			buildConfigurationList = 6A3C008926775EE600911979 /* Build configuration list for PBXNativeTarget "PageControlTests" */;
			buildPhases = (
				6A3C006E26775EE600911979 /* Sources */,
				6A3C006F26775EE600911979 /* Frameworks */,
				6A3C007026775EE600911979 /* Resources */,
			);
			buildRules = (
			);
			dependencies = (
				6A3C007426775EE600911979 /* PBXTargetDependency */,
			);
			name = PageControlTests;
			productName = PageControlTests;
			productReference = 6A3C007226775EE600911979 /* PageControlTests.xctest */;
			productType = "com.apple.product-type.bundle.unit-test";
		};
		6A3C007C26775EE600911979 /* PageControlUITests */ = {
			isa = PBXNativeTarget;
			buildConfigurationList = 6A3C008C26775EE600911979 /* Build configuration list for PBXNativeTarget "PageControlUITests" */;
			buildPhases = (
				6A3C007926775EE600911979 /* Sources */,
				6A3C007A26775EE600911979 /* Frameworks */,
				6A3C007B26775EE600911979 /* Resources */,
			);
			buildRules = (
			);
			dependencies = (
				6A3C007F26775EE600911979 /* PBXTargetDependency */,
			);
			name = PageControlUITests;
			productName = PageControlUITests;
			productReference = 6A3C007D26775EE600911979 /* PageControlUITests.xctest */;
			productType = "com.apple.product-type.bundle.ui-testing";
		};
/* End PBXNativeTarget section */

/* Begin PBXProject section */
		6A3C005426775EE500911979 /* Project object */ = {
			isa = PBXProject;
			attributes = {
				LastSwiftUpdateCheck = 1250;
				LastUpgradeCheck = 1250;
				TargetAttributes = {
					6A3C005B26775EE500911979 = {
						CreatedOnToolsVersion = 12.5;
					};
					6A3C007126775EE600911979 = {
						CreatedOnToolsVersion = 12.5;
						TestTargetID = 6A3C005B26775EE500911979;
					};
					6A3C007C26775EE600911979 = {
						CreatedOnToolsVersion = 12.5;
						TestTargetID = 6A3C005B26775EE500911979;
					};
				};
			};
			buildConfigurationList = 6A3C005726775EE500911979 /* Build configuration list for PBXProject "PageControl" */;
			compatibilityVersion = "Xcode 9.3";
			developmentRegion = en;
			hasScannedForEncodings = 0;
			knownRegions = (
				en,
				Base,
			);
			mainGroup = 6A3C005326775EE500911979;
			productRefGroup = 6A3C005D26775EE500911979 /* Products */;
			projectDirPath = "";
			projectRoot = "";
			targets = (
				6A3C005B26775EE500911979 /* PageControl */,
				6A3C007126775EE600911979 /* PageControlTests */,
				6A3C007C26775EE600911979 /* PageControlUITests */,
			);
		};
/* End PBXProject section */

/* Begin PBXResourcesBuildPhase section */
		6A3C005A26775EE500911979 /* Resources */ = {
			isa = PBXResourcesBuildPhase;
			buildActionMask = 2147483647;
			files = (
				6A3C009F26775F7100911979 /* 7.jpg in Resources */,
				6A3C009A26775F7100911979 /* 2.jpg in Resources */,
				6A3C009E26775F7100911979 /* 5.jpg in Resources */,
				6A3C009926775F7100911979 /* 8.jpg in Resources */,
				6A3C006C26775EE600911979 /* LaunchScreen.storyboard in Resources */,
				6A3C006926775EE600911979 /* Assets.xcassets in Resources */,
				6A3C009826775F7100911979 /* 6.jpg in Resources */,
				6A3C009C26775F7100911979 /* 1.jpg in Resources */,
				6A3C009D26775F7100911979 /* 4.jpg in Resources */,
				6A3C009B26775F7100911979 /* 3.jpg in Resources */,
				6A3C006726775EE500911979 /* Main.storyboard in Resources */,
			);
			runOnlyForDeploymentPostprocessing = 0;
		};
		6A3C007026775EE600911979 /* Resources */ = {
			isa = PBXResourcesBuildPhase;
			buildActionMask = 2147483647;
			files = (
			);
			runOnlyForDeploymentPostprocessing = 0;
		};
		6A3C007B26775EE600911979 /* Resources */ = {
			isa = PBXResourcesBuildPhase;
			buildActionMask = 2147483647;
			files = (
			);
			runOnlyForDeploymentPostprocessing = 0;
		};
/* End PBXResourcesBuildPhase section */

/* Begin PBXSourcesBuildPhase section */
		6A3C005826775EE500911979 /* Sources */ = {
			isa = PBXSourcesBuildPhase;
			buildActionMask = 2147483647;
			files = (
				6A3C006426775EE500911979 /* ViewController.swift in Sources */,
				6A3C006026775EE500911979 /* AppDelegate.swift in Sources */,
				6A3C006226775EE500911979 /* SceneDelegate.swift in Sources */,
			);
			runOnlyForDeploymentPostprocessing = 0;
		};
		6A3C006E26775EE600911979 /* Sources */ = {
			isa = PBXSourcesBuildPhase;
			buildActionMask = 2147483647;
			files = (
				6A3C007726775EE600911979 /* PageControlTests.swift in Sources */,
			);
			runOnlyForDeploymentPostprocessing = 0;
		};
		6A3C007926775EE600911979 /* Sources */ = {
			isa = PBXSourcesBuildPhase;
			buildActionMask = 2147483647;
			files = (
				6A3C008226775EE600911979 /* PageControlUITests.swift in Sources */,
			);
			runOnlyForDeploymentPostprocessing = 0;
		};
/* End PBXSourcesBuildPhase section */

/* Begin PBXTargetDependency section */
		6A3C007426775EE600911979 /* PBXTargetDependency */ = {
			isa = PBXTargetDependency;
			target = 6A3C005B26775EE500911979 /* PageControl */;
			targetProxy = 6A3C007326775EE600911979 /* PBXContainerItemProxy */;
		};
		6A3C007F26775EE600911979 /* PBXTargetDependency */ = {
			isa = PBXTargetDependency;
			target = 6A3C005B26775EE500911979 /* PageControl */;
			targetProxy = 6A3C007E26775EE600911979 /* PBXContainerItemProxy */;
		};
/* End PBXTargetDependency section */

/* Begin PBXVariantGroup section */
		6A3C006526775EE500911979 /* Main.storyboard */ = {
			isa = PBXVariantGroup;
			children = (
				6A3C006626775EE500911979 /* Base */,
			);
			name = Main.storyboard;
			sourceTree = "<group>";
		};
		6A3C006A26775EE600911979 /* LaunchScreen.storyboard */ = {
			isa = PBXVariantGroup;
			children = (
				6A3C006B26775EE600911979 /* Base */,
			);
			name = LaunchScreen.storyboard;
			sourceTree = "<group>";
		};
/* End PBXVariantGroup section */

/* Begin XCBuildConfiguration section */
		6A3C008426775EE600911979 /* Debug */ = {
			isa = XCBuildConfiguration;
			buildSettings = {
				ALWAYS_SEARCH_USER_PATHS = NO;
				CLANG_ANALYZER_NONNULL = YES;
				CLANG_ANALYZER_NUMBER_OBJECT_CONVERSION = YES_AGGRESSIVE;
				CLANG_CXX_LANGUAGE_STANDARD = "gnu++14";
				CLANG_CXX_LIBRARY = "libc++";
				CLANG_ENABLE_MODULES = YES;
				CLANG_ENABLE_OBJC_ARC = YES;
				CLANG_ENABLE_OBJC_WEAK = YES;
				CLANG_WARN_BLOCK_CAPTURE_AUTORELEASING = YES;
				CLANG_WARN_BOOL_CONVERSION = YES;
				CLANG_WARN_COMMA = YES;
				CLANG_WARN_CONSTANT_CONVERSION = YES;
				CLANG_WARN_DEPRECATED_OBJC_IMPLEMENTATIONS = YES;
				CLANG_WARN_DIRECT_OBJC_ISA_USAGE = YES_ERROR;
				CLANG_WARN_DOCUMENTATION_COMMENTS = YES;
				CLANG_WARN_EMPTY_BODY = YES;
				CLANG_WARN_ENUM_CONVERSION = YES;
				CLANG_WARN_INFINITE_RECURSION = YES;
				CLANG_WARN_INT_CONVERSION = YES;
				CLANG_WARN_NON_LITERAL_NULL_CONVERSION = YES;
				CLANG_WARN_OBJC_IMPLICIT_RETAIN_SELF = YES;
				CLANG_WARN_OBJC_LITERAL_CONVERSION = YES;
				CLANG_WARN_OBJC_ROOT_CLASS = YES_ERROR;
				CLANG_WARN_QUOTED_INCLUDE_IN_FRAMEWORK_HEADER = YES;
				CLANG_WARN_RANGE_LOOP_ANALYSIS = YES;
				CLANG_WARN_STRICT_PROTOTYPES = YES;
				CLANG_WARN_SUSPICIOUS_MOVE = YES;
				CLANG_WARN_UNGUARDED_AVAILABILITY = YES_AGGRESSIVE;
				CLANG_WARN_UNREACHABLE_CODE = YES;
				CLANG_WARN__DUPLICATE_METHOD_MATCH = YES;
				COPY_PHASE_STRIP = NO;
				DEBUG_INFORMATION_FORMAT = dwarf;
				ENABLE_STRICT_OBJC_MSGSEND = YES;
				ENABLE_TESTABILITY = YES;
				GCC_C_LANGUAGE_STANDARD = gnu11;
				GCC_DYNAMIC_NO_PIC = NO;
				GCC_NO_COMMON_BLOCKS = YES;
				GCC_OPTIMIZATION_LEVEL = 0;
				GCC_PREPROCESSOR_DEFINITIONS = (
					"DEBUG=1",
					"$(inherited)",
				);
				GCC_WARN_64_TO_32_BIT_CONVERSION = YES;
				GCC_WARN_ABOUT_RETURN_TYPE = YES_ERROR;
				GCC_WARN_UNDECLARED_SELECTOR = YES;
				GCC_WARN_UNINITIALIZED_AUTOS = YES_AGGRESSIVE;
				GCC_WARN_UNUSED_FUNCTION = YES;
				GCC_WARN_UNUSED_VARIABLE = YES;
				IPHONEOS_DEPLOYMENT_TARGET = 14.5;
				MTL_ENABLE_DEBUG_INFO = INCLUDE_SOURCE;
				MTL_FAST_MATH = YES;
				ONLY_ACTIVE_ARCH = YES;
				SDKROOT = iphoneos;
				SWIFT_ACTIVE_COMPILATION_CONDITIONS = DEBUG;
				SWIFT_OPTIMIZATION_LEVEL = "-Onone";
			};
			name = Debug;
		};
		6A3C008526775EE600911979 /* Release */ = {
			isa = XCBuildConfiguration;
			buildSettings = {
				ALWAYS_SEARCH_USER_PATHS = NO;
				CLANG_ANALYZER_NONNULL = YES;
				CLANG_ANALYZER_NUMBER_OBJECT_CONVERSION = YES_AGGRESSIVE;
				CLANG_CXX_LANGUAGE_STANDARD = "gnu++14";
				CLANG_CXX_LIBRARY = "libc++";
				CLANG_ENABLE_MODULES = YES;
				CLANG_ENABLE_OBJC_ARC = YES;
				CLANG_ENABLE_OBJC_WEAK = YES;
				CLANG_WARN_BLOCK_CAPTURE_AUTORELEASING = YES;
				CLANG_WARN_BOOL_CONVERSION = YES;
				CLANG_WARN_COMMA = YES;
				CLANG_WARN_CONSTANT_CONVERSION = YES;
				CLANG_WARN_DEPRECATED_OBJC_IMPLEMENTATIONS = YES;
				CLANG_WARN_DIRECT_OBJC_ISA_USAGE = YES_ERROR;
				CLANG_WARN_DOCUMENTATION_COMMENTS = YES;
				CLANG_WARN_EMPTY_BODY = YES;
				CLANG_WARN_ENUM_CONVERSION = YES;
				CLANG_WARN_INFINITE_RECURSION = YES;
				CLANG_WARN_INT_CONVERSION = YES;
				CLANG_WARN_NON_LITERAL_NULL_CONVERSION = YES;
				CLANG_WARN_OBJC_IMPLICIT_RETAIN_SELF = YES;
				CLANG_WARN_OBJC_LITERAL_CONVERSION = YES;
				CLANG_WARN_OBJC_ROOT_CLASS = YES_ERROR;
				CLANG_WARN_QUOTED_INCLUDE_IN_FRAMEWORK_HEADER = YES;
				CLANG_WARN_RANGE_LOOP_ANALYSIS = YES;
				CLANG_WARN_STRICT_PROTOTYPES = YES;
				CLANG_WARN_SUSPICIOUS_MOVE = YES;
				CLANG_WARN_UNGUARDED_AVAILABILITY = YES_AGGRESSIVE;
				CLANG_WARN_UNREACHABLE_CODE = YES;
				CLANG_WARN__DUPLICATE_METHOD_MATCH = YES;
				COPY_PHASE_STRIP = NO;
				DEBUG_INFORMATION_FORMAT = "dwarf-with-dsym";
				ENABLE_NS_ASSERTIONS = NO;
				ENABLE_STRICT_OBJC_MSGSEND = YES;
				GCC_C_LANGUAGE_STANDARD = gnu11;
				GCC_NO_COMMON_BLOCKS = YES;
				GCC_WARN_64_TO_32_BIT_CONVERSION = YES;
				GCC_WARN_ABOUT_RETURN_TYPE = YES_ERROR;
				GCC_WARN_UNDECLARED_SELECTOR = YES;
				GCC_WARN_UNINITIALIZED_AUTOS = YES_AGGRESSIVE;
				GCC_WARN_UNUSED_FUNCTION = YES;
				GCC_WARN_UNUSED_VARIABLE = YES;
				IPHONEOS_DEPLOYMENT_TARGET = 14.5;
				MTL_ENABLE_DEBUG_INFO = NO;
				MTL_FAST_MATH = YES;
				SDKROOT = iphoneos;
				SWIFT_COMPILATION_MODE = wholemodule;
				SWIFT_OPTIMIZATION_LEVEL = "-O";
				VALIDATE_PRODUCT = YES;
			};
			name = Release;
		};
		6A3C008726775EE600911979 /* Debug */ = {
			isa = XCBuildConfiguration;
			buildSettings = {
				ASSETCATALOG_COMPILER_APPICON_NAME = AppIcon;
				ASSETCATALOG_COMPILER_GLOBAL_ACCENT_COLOR_NAME = AccentColor;
				CODE_SIGN_STYLE = Automatic;
				INFOPLIST_FILE = PageControl/Info.plist;
				LD_RUNPATH_SEARCH_PATHS = (
					"$(inherited)",
					"@executable_path/Frameworks",
				);
				PRODUCT_BUNDLE_IDENTIFIER = net.macnpc.PageControl;
				PRODUCT_NAME = "$(TARGET_NAME)";
				SWIFT_VERSION = 5.0;
				TARGETED_DEVICE_FAMILY = "1,2";
			};
			name = Debug;
		};
		6A3C008826775EE600911979 /* Release */ = {
			isa = XCBuildConfiguration;
			buildSettings = {
				ASSETCATALOG_COMPILER_APPICON_NAME = AppIcon;
				ASSETCATALOG_COMPILER_GLOBAL_ACCENT_COLOR_NAME = AccentColor;
				CODE_SIGN_STYLE = Automatic;
				INFOPLIST_FILE = PageControl/Info.plist;
				LD_RUNPATH_SEARCH_PATHS = (
					"$(inherited)",
					"@executable_path/Frameworks",
				);
				PRODUCT_BUNDLE_IDENTIFIER = net.macnpc.PageControl;
				PRODUCT_NAME = "$(TARGET_NAME)";
				SWIFT_VERSION = 5.0;
				TARGETED_DEVICE_FAMILY = "1,2";
			};
			name = Release;
		};
		6A3C008A26775EE600911979 /* Debug */ = {
			isa = XCBuildConfiguration;
			buildSettings = {
				ALWAYS_EMBED_SWIFT_STANDARD_LIBRARIES = YES;
				BUNDLE_LOADER = "$(TEST_HOST)";
				CODE_SIGN_STYLE = Automatic;
				INFOPLIST_FILE = PageControlTests/Info.plist;
				IPHONEOS_DEPLOYMENT_TARGET = 14.5;
				LD_RUNPATH_SEARCH_PATHS = (
					"$(inherited)",
					"@executable_path/Frameworks",
					"@loader_path/Frameworks",
				);
				PRODUCT_BUNDLE_IDENTIFIER = net.macnpc.PageControlTests;
				PRODUCT_NAME = "$(TARGET_NAME)";
				SWIFT_VERSION = 5.0;
				TARGETED_DEVICE_FAMILY = "1,2";
				TEST_HOST = "$(BUILT_PRODUCTS_DIR)/PageControl.app/PageControl";
			};
			name = Debug;
		};
		6A3C008B26775EE600911979 /* Release */ = {
			isa = XCBuildConfiguration;
			buildSettings = {
				ALWAYS_EMBED_SWIFT_STANDARD_LIBRARIES = YES;
				BUNDLE_LOADER = "$(TEST_HOST)";
				CODE_SIGN_STYLE = Automatic;
				INFOPLIST_FILE = PageControlTests/Info.plist;
				IPHONEOS_DEPLOYMENT_TARGET = 14.5;
				LD_RUNPATH_SEARCH_PATHS = (
					"$(inherited)",
					"@executable_path/Frameworks",
					"@loader_path/Frameworks",
				);
				PRODUCT_BUNDLE_IDENTIFIER = net.macnpc.PageControlTests;
				PRODUCT_NAME = "$(TARGET_NAME)";
				SWIFT_VERSION = 5.0;
				TARGETED_DEVICE_FAMILY = "1,2";
				TEST_HOST = "$(BUILT_PRODUCTS_DIR)/PageControl.app/PageControl";
			};
			name = Release;
		};
		6A3C008D26775EE600911979 /* Debug */ = {
			isa = XCBuildConfiguration;
			buildSettings = {
				ALWAYS_EMBED_SWIFT_STANDARD_LIBRARIES = YES;
				CODE_SIGN_STYLE = Automatic;
				INFOPLIST_FILE = PageControlUITests/Info.plist;
				LD_RUNPATH_SEARCH_PATHS = (
					"$(inherited)",
					"@executable_path/Frameworks",
					"@loader_path/Frameworks",
				);
				PRODUCT_BUNDLE_IDENTIFIER = net.macnpc.PageControlUITests;
				PRODUCT_NAME = "$(TARGET_NAME)";
				SWIFT_VERSION = 5.0;
				TARGETED_DEVICE_FAMILY = "1,2";
				TEST_TARGET_NAME = PageControl;
			};
			name = Debug;
		};
		6A3C008E26775EE600911979 /* Release */ = {
			isa = XCBuildConfiguration;
			buildSettings = {
				ALWAYS_EMBED_SWIFT_STANDARD_LIBRARIES = YES;
				CODE_SIGN_STYLE = Automatic;
				INFOPLIST_FILE = PageControlUITests/Info.plist;
				LD_RUNPATH_SEARCH_PATHS = (
					"$(inherited)",
					"@executable_path/Frameworks",
					"@loader_path/Frameworks",
				);
				PRODUCT_BUNDLE_IDENTIFIER = net.macnpc.PageControlUITests;
				PRODUCT_NAME = "$(TARGET_NAME)";
				SWIFT_VERSION = 5.0;
				TARGETED_DEVICE_FAMILY = "1,2";
				TEST_TARGET_NAME = PageControl;
			};
			name = Release;
		};
/* End XCBuildConfiguration section */

/* Begin XCConfigurationList section */
		6A3C005726775EE500911979 /* Build configuration list for PBXProject "PageControl" */ = {
			isa = XCConfigurationList;
			buildConfigurations = (
				6A3C008426775EE600911979 /* Debug */,
				6A3C008526775EE600911979 /* Release */,
			);
			defaultConfigurationIsVisible = 0;
			defaultConfigurationName = Release;
		};
		6A3C008626775EE600911979 /* Build configuration list for PBXNativeTarget "PageControl" */ = {
			isa = XCConfigurationList;
			buildConfigurations = (
				6A3C008726775EE600911979 /* Debug */,
				6A3C008826775EE600911979 /* Release */,
			);
			defaultConfigurationIsVisible = 0;
			defaultConfigurationName = Release;
		};
		6A3C008926775EE600911979 /* Build configuration list for PBXNativeTarget "PageControlTests" */ = {
			isa = XCConfigurationList;
			buildConfigurations = (
				6A3C008A26775EE600911979 /* Debug */,
				6A3C008B26775EE600911979 /* Release */,
			);
			defaultConfigurationIsVisible = 0;
			defaultConfigurationName = Release;
		};
		6A3C008C26775EE600911979 /* Build configuration list for PBXNativeTarget "PageControlUITests" */ = {
			isa = XCConfigurationList;
			buildConfigurations = (
				6A3C008D26775EE600911979 /* Debug */,
				6A3C008E26775EE600911979 /* Release */,
			);
			defaultConfigurationIsVisible = 0;
			defaultConfigurationName = Release;
		};
/* End XCConfigurationList section */
	};
	rootObject = 6A3C005426775EE500911979 /* Project object */;
}
