// !$*UTF8*$!
{
	archiveVersion = 1;
	classes = {
	};
	objectVersion = 50;
	objects = {

/* Begin PBXBuildFile section */
		6A3C000826771CD700911979 /* webControllMissionUITests.swift in Sources */ = {isa = PBXBuildFile; fileRef = 6A3C000726771CD700911979 /* webControllMissionUITests.swift */; };
		6A3C001626771CF200911979 /* htmlView.html in Resources */ = {isa = PBXBuildFile; fileRef = 6A3C001526771CF200911979 /* htmlView.html */; };
		6A3CFFE626771CD600911979 /* AppDelegate.swift in Sources */ = {isa = PBXBuildFile; fileRef = 6A3CFFE526771CD600911979 /* AppDelegate.swift */; };
		6A3CFFE826771CD600911979 /* SceneDelegate.swift in Sources */ = {isa = PBXBuildFile; fileRef = 6A3CFFE726771CD600911979 /* SceneDelegate.swift */; };
		6A3CFFEA26771CD600911979 /* ViewController.swift in Sources */ = {isa = PBXBuildFile; fileRef = 6A3CFFE926771CD600911979 /* ViewController.swift */; };
		6A3CFFED26771CD600911979 /* Main.storyboard in Resources */ = {isa = PBXBuildFile; fileRef = 6A3CFFEB26771CD600911979 /* Main.storyboard */; };
		6A3CFFEF26771CD600911979 /* Assets.xcassets in Resources */ = {isa = PBXBuildFile; fileRef = 6A3CFFEE26771CD600911979 /* Assets.xcassets */; };
		6A3CFFF226771CD600911979 /* LaunchScreen.storyboard in Resources */ = {isa = PBXBuildFile; fileRef = 6A3CFFF026771CD600911979 /* LaunchScreen.storyboard */; };
		6A3CFFFD26771CD700911979 /* webControllMissionTests.swift in Sources */ = {isa = PBXBuildFile; fileRef = 6A3CFFFC26771CD700911979 /* webControllMissionTests.swift */; };
/* End PBXBuildFile section */

/* Begin PBXContainerItemProxy section */
		6A3C000426771CD700911979 /* PBXContainerItemProxy */ = {
			isa = PBXContainerItemProxy;
			containerPortal = 6A3CFFDA26771CD600911979 /* Project object */;
			proxyType = 1;
			remoteGlobalIDString = 6A3CFFE126771CD600911979;
			remoteInfo = webControllMission;
		};
		6A3CFFF926771CD700911979 /* PBXContainerItemProxy */ = {
			isa = PBXContainerItemProxy;
			containerPortal = 6A3CFFDA26771CD600911979 /* Project object */;
			proxyType = 1;
			remoteGlobalIDString = 6A3CFFE126771CD600911979;
			remoteInfo = webControllMission;
		};
/* End PBXContainerItemProxy section */

/* Begin PBXFileReference section */
		6A3C000326771CD700911979 /* webControllMissionUITests.xctest */ = {isa = PBXFileReference; explicitFileType = wrapper.cfbundle; includeInIndex = 0; path = webControllMissionUITests.xctest; sourceTree = BUILT_PRODUCTS_DIR; };
		6A3C000726771CD700911979 /* webControllMissionUITests.swift */ = {isa = PBXFileReference; lastKnownFileType = sourcecode.swift; path = webControllMissionUITests.swift; sourceTree = "<group>"; };
		6A3C000926771CD700911979 /* Info.plist */ = {isa = PBXFileReference; lastKnownFileType = text.plist.xml; path = Info.plist; sourceTree = "<group>"; };
		6A3C001526771CF200911979 /* htmlView.html */ = {isa = PBXFileReference; fileEncoding = 4; lastKnownFileType = text.html; path = htmlView.html; sourceTree = "<group>"; };
		6A3CFFE226771CD600911979 /* webControllMission.app */ = {isa = PBXFileReference; explicitFileType = wrapper.application; includeInIndex = 0; path = webControllMission.app; sourceTree = BUILT_PRODUCTS_DIR; };
		6A3CFFE526771CD600911979 /* AppDelegate.swift */ = {isa = PBXFileReference; lastKnownFileType = sourcecode.swift; path = AppDelegate.swift; sourceTree = "<group>"; };
		6A3CFFE726771CD600911979 /* SceneDelegate.swift */ = {isa = PBXFileReference; lastKnownFileType = sourcecode.swift; path = SceneDelegate.swift; sourceTree = "<group>"; };
		6A3CFFE926771CD600911979 /* ViewController.swift */ = {isa = PBXFileReference; lastKnownFileType = sourcecode.swift; path = ViewController.swift; sourceTree = "<group>"; };
		6A3CFFEC26771CD600911979 /* Base */ = {isa = PBXFileReference; lastKnownFileType = file.storyboard; name = Base; path = Base.lproj/Main.storyboard; sourceTree = "<group>"; };
		6A3CFFEE26771CD600911979 /* Assets.xcassets */ = {isa = PBXFileReference; lastKnownFileType = folder.assetcatalog; path = Assets.xcassets; sourceTree = "<group>"; };
		6A3CFFF126771CD600911979 /* Base */ = {isa = PBXFileReference; lastKnownFileType = file.storyboard; name = Base; path = Base.lproj/LaunchScreen.storyboard; sourceTree = "<group>"; };
		6A3CFFF326771CD600911979 /* Info.plist */ = {isa = PBXFileReference; lastKnownFileType = text.plist.xml; path = Info.plist; sourceTree = "<group>"; };
		6A3CFFF826771CD700911979 /* webControllMissionTests.xctest */ = {isa = PBXFileReference; explicitFileType = wrapper.cfbundle; includeInIndex = 0; path = webControllMissionTests.xctest; sourceTree = BUILT_PRODUCTS_DIR; };
		6A3CFFFC26771CD700911979 /* webControllMissionTests.swift */ = {isa = PBXFileReference; lastKnownFileType = sourcecode.swift; path = webControllMissionTests.swift; sourceTree = "<group>"; };
		6A3CFFFE26771CD700911979 /* Info.plist */ = {isa = PBXFileReference; lastKnownFileType = text.plist.xml; path = Info.plist; sourceTree = "<group>"; };
/* End PBXFileReference section */

/* Begin PBXFrameworksBuildPhase section */
		6A3C000026771CD700911979 /* Frameworks */ = {
			isa = PBXFrameworksBuildPhase;
			buildActionMask = 2147483647;
			files = (
			);
			runOnlyForDeploymentPostprocessing = 0;
		};
		6A3CFFDF26771CD600911979 /* Frameworks */ = {
			isa = PBXFrameworksBuildPhase;
			buildActionMask = 2147483647;
			files = (
			);
			runOnlyForDeploymentPostprocessing = 0;
		};
		6A3CFFF526771CD700911979 /* Frameworks */ = {
			isa = PBXFrameworksBuildPhase;
			buildActionMask = 2147483647;
			files = (
			);
			runOnlyForDeploymentPostprocessing = 0;
		};
/* End PBXFrameworksBuildPhase section */

/* Begin PBXGroup section */
		6A3C000626771CD700911979 /* webControllMissionUITests */ = {
			isa = PBXGroup;
			children = (
				6A3C000726771CD700911979 /* webControllMissionUITests.swift */,
				6A3C000926771CD700911979 /* Info.plist */,
			);
			path = webControllMissionUITests;
			sourceTree = "<group>";
		};
		6A3CFFD926771CD600911979 = {
			isa = PBXGroup;
			children = (
				6A3CFFE426771CD600911979 /* webControllMission */,
				6A3CFFFB26771CD700911979 /* webControllMissionTests */,
				6A3C000626771CD700911979 /* webControllMissionUITests */,
				6A3CFFE326771CD600911979 /* Products */,
			);
			sourceTree = "<group>";
		};
		6A3CFFE326771CD600911979 /* Products */ = {
			isa = PBXGroup;
			children = (
				6A3CFFE226771CD600911979 /* webControllMission.app */,
				6A3CFFF826771CD700911979 /* webControllMissionTests.xctest */,
				6A3C000326771CD700911979 /* webControllMissionUITests.xctest */,
			);
			name = Products;
			sourceTree = "<group>";
		};
		6A3CFFE426771CD600911979 /* webControllMission */ = {
			isa = PBXGroup;
			children = (
				6A3CFFE526771CD600911979 /* AppDelegate.swift */,
				6A3CFFE726771CD600911979 /* SceneDelegate.swift */,
				6A3CFFE926771CD600911979 /* ViewController.swift */,
				6A3CFFEB26771CD600911979 /* Main.storyboard */,
				6A3CFFEE26771CD600911979 /* Assets.xcassets */,
				6A3C001526771CF200911979 /* htmlView.html */,
				6A3CFFF026771CD600911979 /* LaunchScreen.storyboard */,
				6A3CFFF326771CD600911979 /* Info.plist */,
			);
			path = webControllMission;
			sourceTree = "<group>";
		};
		6A3CFFFB26771CD700911979 /* webControllMissionTests */ = {
			isa = PBXGroup;
			children = (
				6A3CFFFC26771CD700911979 /* webControllMissionTests.swift */,
				6A3CFFFE26771CD700911979 /* Info.plist */,
			);
			path = webControllMissionTests;
			sourceTree = "<group>";
		};
/* End PBXGroup section */

/* Begin PBXNativeTarget section */
		6A3C000226771CD700911979 /* webControllMissionUITests */ = {
			isa = PBXNativeTarget;
			buildConfigurationList = 6A3C001226771CD700911979 /* Build configuration list for PBXNativeTarget "webControllMissionUITests" */;
			buildPhases = (
				6A3CFFFF26771CD700911979 /* Sources */,
				6A3C000026771CD700911979 /* Frameworks */,
				6A3C000126771CD700911979 /* Resources */,
			);
			buildRules = (
			);
			dependencies = (
				6A3C000526771CD700911979 /* PBXTargetDependency */,
			);
			name = webControllMissionUITests;
			productName = webControllMissionUITests;
			productReference = 6A3C000326771CD700911979 /* webControllMissionUITests.xctest */;
			productType = "com.apple.product-type.bundle.ui-testing";
		};
		6A3CFFE126771CD600911979 /* webControllMission */ = {
			isa = PBXNativeTarget;
			buildConfigurationList = 6A3C000C26771CD700911979 /* Build configuration list for PBXNativeTarget "webControllMission" */;
			buildPhases = (
				6A3CFFDE26771CD600911979 /* Sources */,
				6A3CFFDF26771CD600911979 /* Frameworks */,
				6A3CFFE026771CD600911979 /* Resources */,
			);
			buildRules = (
			);
			dependencies = (
			);
			name = webControllMission;
			productName = webControllMission;
			productReference = 6A3CFFE226771CD600911979 /* webControllMission.app */;
			productType = "com.apple.product-type.application";
		};
		6A3CFFF726771CD700911979 /* webControllMissionTests */ = {
			isa = PBXNativeTarget;
			buildConfigurationList = 6A3C000F26771CD700911979 /* Build configuration list for PBXNativeTarget "webControllMissionTests" */;
			buildPhases = (
				6A3CFFF426771CD700911979 /* Sources */,
				6A3CFFF526771CD700911979 /* Frameworks */,
				6A3CFFF626771CD700911979 /* Resources */,
			);
			buildRules = (
			);
			dependencies = (
				6A3CFFFA26771CD700911979 /* PBXTargetDependency */,
			);
			name = webControllMissionTests;
			productName = webControllMissionTests;
			productReference = 6A3CFFF826771CD700911979 /* webControllMissionTests.xctest */;
			productType = "com.apple.product-type.bundle.unit-test";
		};
/* End PBXNativeTarget section */

/* Begin PBXProject section */
		6A3CFFDA26771CD600911979 /* Project object */ = {
			isa = PBXProject;
			attributes = {
				LastSwiftUpdateCheck = 1250;
				LastUpgradeCheck = 1250;
				TargetAttributes = {
					6A3C000226771CD700911979 = {
						CreatedOnToolsVersion = 12.5;
						TestTargetID = 6A3CFFE126771CD600911979;
					};
					6A3CFFE126771CD600911979 = {
						CreatedOnToolsVersion = 12.5;
					};
					6A3CFFF726771CD700911979 = {
						CreatedOnToolsVersion = 12.5;
						TestTargetID = 6A3CFFE126771CD600911979;
					};
				};
			};
			buildConfigurationList = 6A3CFFDD26771CD600911979 /* Build configuration list for PBXProject "webControllMission" */;
			compatibilityVersion = "Xcode 9.3";
			developmentRegion = en;
			hasScannedForEncodings = 0;
			knownRegions = (
				en,
				Base,
			);
			mainGroup = 6A3CFFD926771CD600911979;
			productRefGroup = 6A3CFFE326771CD600911979 /* Products */;
			projectDirPath = "";
			projectRoot = "";
			targets = (
				6A3CFFE126771CD600911979 /* webControllMission */,
				6A3CFFF726771CD700911979 /* webControllMissionTests */,
				6A3C000226771CD700911979 /* webControllMissionUITests */,
			);
		};
/* End PBXProject section */

/* Begin PBXResourcesBuildPhase section */
		6A3C000126771CD700911979 /* Resources */ = {
			isa = PBXResourcesBuildPhase;
			buildActionMask = 2147483647;
			files = (
			);
			runOnlyForDeploymentPostprocessing = 0;
		};
		6A3CFFE026771CD600911979 /* Resources */ = {
			isa = PBXResourcesBuildPhase;
			buildActionMask = 2147483647;
			files = (
				6A3C001626771CF200911979 /* htmlView.html in Resources */,
				6A3CFFF226771CD600911979 /* LaunchScreen.storyboard in Resources */,
				6A3CFFEF26771CD600911979 /* Assets.xcassets in Resources */,
				6A3CFFED26771CD600911979 /* Main.storyboard in Resources */,
			);
			runOnlyForDeploymentPostprocessing = 0;
		};
		6A3CFFF626771CD700911979 /* Resources */ = {
			isa = PBXResourcesBuildPhase;
			buildActionMask = 2147483647;
			files = (
			);
			runOnlyForDeploymentPostprocessing = 0;
		};
/* End PBXResourcesBuildPhase section */

/* Begin PBXSourcesBuildPhase section */
		6A3CFFDE26771CD600911979 /* Sources */ = {
			isa = PBXSourcesBuildPhase;
			buildActionMask = 2147483647;
			files = (
				6A3CFFEA26771CD600911979 /* ViewController.swift in Sources */,
				6A3CFFE626771CD600911979 /* AppDelegate.swift in Sources */,
				6A3CFFE826771CD600911979 /* SceneDelegate.swift in Sources */,
			);
			runOnlyForDeploymentPostprocessing = 0;
		};
		6A3CFFF426771CD700911979 /* Sources */ = {
			isa = PBXSourcesBuildPhase;
			buildActionMask = 2147483647;
			files = (
				6A3CFFFD26771CD700911979 /* webControllMissionTests.swift in Sources */,
			);
			runOnlyForDeploymentPostprocessing = 0;
		};
		6A3CFFFF26771CD700911979 /* Sources */ = {
			isa = PBXSourcesBuildPhase;
			buildActionMask = 2147483647;
			files = (
				6A3C000826771CD700911979 /* webControllMissionUITests.swift in Sources */,
			);
			runOnlyForDeploymentPostprocessing = 0;
		};
/* End PBXSourcesBuildPhase section */

/* Begin PBXTargetDependency section */
		6A3C000526771CD700911979 /* PBXTargetDependency */ = {
			isa = PBXTargetDependency;
			target = 6A3CFFE126771CD600911979 /* webControllMission */;
			targetProxy = 6A3C000426771CD700911979 /* PBXContainerItemProxy */;
		};
		6A3CFFFA26771CD700911979 /* PBXTargetDependency */ = {
			isa = PBXTargetDependency;
			target = 6A3CFFE126771CD600911979 /* webControllMission */;
			targetProxy = 6A3CFFF926771CD700911979 /* PBXContainerItemProxy */;
		};
/* End PBXTargetDependency section */

/* Begin PBXVariantGroup section */
		6A3CFFEB26771CD600911979 /* Main.storyboard */ = {
			isa = PBXVariantGroup;
			children = (
				6A3CFFEC26771CD600911979 /* Base */,
			);
			name = Main.storyboard;
			sourceTree = "<group>";
		};
		6A3CFFF026771CD600911979 /* LaunchScreen.storyboard */ = {
			isa = PBXVariantGroup;
			children = (
				6A3CFFF126771CD600911979 /* Base */,
			);
			name = LaunchScreen.storyboard;
			sourceTree = "<group>";
		};
/* End PBXVariantGroup section */

/* Begin XCBuildConfiguration section */
		6A3C000A26771CD700911979 /* Debug */ = {
			isa = XCBuildConfiguration;
			buildSettings = {
				ALWAYS_SEARCH_USER_PATHS = NO;
				CLANG_ANALYZER_NONNULL = YES;
				CLANG_ANALYZER_NUMBER_OBJECT_CONVERSION = YES_AGGRESSIVE;
				CLANG_CXX_LANGUAGE_STANDARD = "gnu++14";
				CLANG_CXX_LIBRARY = "libc++";
				CLANG_ENABLE_MODULES = YES;
				CLANG_ENABLE_OBJC_ARC = YES;
				CLANG_ENABLE_OBJC_WEAK = YES;
				CLANG_WARN_BLOCK_CAPTURE_AUTORELEASING = YES;
				CLANG_WARN_BOOL_CONVERSION = YES;
				CLANG_WARN_COMMA = YES;
				CLANG_WARN_CONSTANT_CONVERSION = YES;
				CLANG_WARN_DEPRECATED_OBJC_IMPLEMENTATIONS = YES;
				CLANG_WARN_DIRECT_OBJC_ISA_USAGE = YES_ERROR;
				CLANG_WARN_DOCUMENTATION_COMMENTS = YES;
				CLANG_WARN_EMPTY_BODY = YES;
				CLANG_WARN_ENUM_CONVERSION = YES;
				CLANG_WARN_INFINITE_RECURSION = YES;
				CLANG_WARN_INT_CONVERSION = YES;
				CLANG_WARN_NON_LITERAL_NULL_CONVERSION = YES;
				CLANG_WARN_OBJC_IMPLICIT_RETAIN_SELF = YES;
				CLANG_WARN_OBJC_LITERAL_CONVERSION = YES;
				CLANG_WARN_OBJC_ROOT_CLASS = YES_ERROR;
				CLANG_WARN_QUOTED_INCLUDE_IN_FRAMEWORK_HEADER = YES;
				CLANG_WARN_RANGE_LOOP_ANALYSIS = YES;
				CLANG_WARN_STRICT_PROTOTYPES = YES;
				CLANG_WARN_SUSPICIOUS_MOVE = YES;
				CLANG_WARN_UNGUARDED_AVAILABILITY = YES_AGGRESSIVE;
				CLANG_WARN_UNREACHABLE_CODE = YES;
				CLANG_WARN__DUPLICATE_METHOD_MATCH = YES;
				COPY_PHASE_STRIP = NO;
				DEBUG_INFORMATION_FORMAT = dwarf;
				ENABLE_STRICT_OBJC_MSGSEND = YES;
				ENABLE_TESTABILITY = YES;
				GCC_C_LANGUAGE_STANDARD = gnu11;
				GCC_DYNAMIC_NO_PIC = NO;
				GCC_NO_COMMON_BLOCKS = YES;
				GCC_OPTIMIZATION_LEVEL = 0;
				GCC_PREPROCESSOR_DEFINITIONS = (
					"DEBUG=1",
					"$(inherited)",
				);
				GCC_WARN_64_TO_32_BIT_CONVERSION = YES;
				GCC_WARN_ABOUT_RETURN_TYPE = YES_ERROR;
				GCC_WARN_UNDECLARED_SELECTOR = YES;
				GCC_WARN_UNINITIALIZED_AUTOS = YES_AGGRESSIVE;
				GCC_WARN_UNUSED_FUNCTION = YES;
				GCC_WARN_UNUSED_VARIABLE = YES;
				IPHONEOS_DEPLOYMENT_TARGET = 14.5;
				MTL_ENABLE_DEBUG_INFO = INCLUDE_SOURCE;
				MTL_FAST_MATH = YES;
				ONLY_ACTIVE_ARCH = YES;
				SDKROOT = iphoneos;
				SWIFT_ACTIVE_COMPILATION_CONDITIONS = DEBUG;
				SWIFT_OPTIMIZATION_LEVEL = "-Onone";
			};
			name = Debug;
		};
		6A3C000B26771CD700911979 /* Release */ = {
			isa = XCBuildConfiguration;
			buildSettings = {
				ALWAYS_SEARCH_USER_PATHS = NO;
				CLANG_ANALYZER_NONNULL = YES;
				CLANG_ANALYZER_NUMBER_OBJECT_CONVERSION = YES_AGGRESSIVE;
				CLANG_CXX_LANGUAGE_STANDARD = "gnu++14";
				CLANG_CXX_LIBRARY = "libc++";
				CLANG_ENABLE_MODULES = YES;
				CLANG_ENABLE_OBJC_ARC = YES;
				CLANG_ENABLE_OBJC_WEAK = YES;
				CLANG_WARN_BLOCK_CAPTURE_AUTORELEASING = YES;
				CLANG_WARN_BOOL_CONVERSION = YES;
				CLANG_WARN_COMMA = YES;
				CLANG_WARN_CONSTANT_CONVERSION = YES;
				CLANG_WARN_DEPRECATED_OBJC_IMPLEMENTATIONS = YES;
				CLANG_WARN_DIRECT_OBJC_ISA_USAGE = YES_ERROR;
				CLANG_WARN_DOCUMENTATION_COMMENTS = YES;
				CLANG_WARN_EMPTY_BODY = YES;
				CLANG_WARN_ENUM_CONVERSION = YES;
				CLANG_WARN_INFINITE_RECURSION = YES;
				CLANG_WARN_INT_CONVERSION = YES;
				CLANG_WARN_NON_LITERAL_NULL_CONVERSION = YES;
				CLANG_WARN_OBJC_IMPLICIT_RETAIN_SELF = YES;
				CLANG_WARN_OBJC_LITERAL_CONVERSION = YES;
				CLANG_WARN_OBJC_ROOT_CLASS = YES_ERROR;
				CLANG_WARN_QUOTED_INCLUDE_IN_FRAMEWORK_HEADER = YES;
				CLANG_WARN_RANGE_LOOP_ANALYSIS = YES;
				CLANG_WARN_STRICT_PROTOTYPES = YES;
				CLANG_WARN_SUSPICIOUS_MOVE = YES;
				CLANG_WARN_UNGUARDED_AVAILABILITY = YES_AGGRESSIVE;
				CLANG_WARN_UNREACHABLE_CODE = YES;
				CLANG_WARN__DUPLICATE_METHOD_MATCH = YES;
				COPY_PHASE_STRIP = NO;
				DEBUG_INFORMATION_FORMAT = "dwarf-with-dsym";
				ENABLE_NS_ASSERTIONS = NO;
				ENABLE_STRICT_OBJC_MSGSEND = YES;
				GCC_C_LANGUAGE_STANDARD = gnu11;
				GCC_NO_COMMON_BLOCKS = YES;
				GCC_WARN_64_TO_32_BIT_CONVERSION = YES;
				GCC_WARN_ABOUT_RETURN_TYPE = YES_ERROR;
				GCC_WARN_UNDECLARED_SELECTOR = YES;
				GCC_WARN_UNINITIALIZED_AUTOS = YES_AGGRESSIVE;
				GCC_WARN_UNUSED_FUNCTION = YES;
				GCC_WARN_UNUSED_VARIABLE = YES;
				IPHONEOS_DEPLOYMENT_TARGET = 14.5;
				MTL_ENABLE_DEBUG_INFO = NO;
				MTL_FAST_MATH = YES;
				SDKROOT = iphoneos;
				SWIFT_COMPILATION_MODE = wholemodule;
				SWIFT_OPTIMIZATION_LEVEL = "-O";
				VALIDATE_PRODUCT = YES;
			};
			name = Release;
		};
		6A3C000D26771CD700911979 /* Debug */ = {
			isa = XCBuildConfiguration;
			buildSettings = {
				ASSETCATALOG_COMPILER_APPICON_NAME = AppIcon;
				ASSETCATALOG_COMPILER_GLOBAL_ACCENT_COLOR_NAME = AccentColor;
				CODE_SIGN_STYLE = Automatic;
				INFOPLIST_FILE = webControllMission/Info.plist;
				LD_RUNPATH_SEARCH_PATHS = (
					"$(inherited)",
					"@executable_path/Frameworks",
				);
				PRODUCT_BUNDLE_IDENTIFIER = net.macnpc.webControllMission;
				PRODUCT_NAME = "$(TARGET_NAME)";
				SWIFT_VERSION = 5.0;
				TARGETED_DEVICE_FAMILY = "1,2";
			};
			name = Debug;
		};
		6A3C000E26771CD700911979 /* Release */ = {
			isa = XCBuildConfiguration;
			buildSettings = {
				ASSETCATALOG_COMPILER_APPICON_NAME = AppIcon;
				ASSETCATALOG_COMPILER_GLOBAL_ACCENT_COLOR_NAME = AccentColor;
				CODE_SIGN_STYLE = Automatic;
				INFOPLIST_FILE = webControllMission/Info.plist;
				LD_RUNPATH_SEARCH_PATHS = (
					"$(inherited)",
					"@executable_path/Frameworks",
				);
				PRODUCT_BUNDLE_IDENTIFIER = net.macnpc.webControllMission;
				PRODUCT_NAME = "$(TARGET_NAME)";
				SWIFT_VERSION = 5.0;
				TARGETED_DEVICE_FAMILY = "1,2";
			};
			name = Release;
		};
		6A3C001026771CD700911979 /* Debug */ = {
			isa = XCBuildConfiguration;
			buildSettings = {
				ALWAYS_EMBED_SWIFT_STANDARD_LIBRARIES = YES;
				BUNDLE_LOADER = "$(TEST_HOST)";
				CODE_SIGN_STYLE = Automatic;
				INFOPLIST_FILE = webControllMissionTests/Info.plist;
				IPHONEOS_DEPLOYMENT_TARGET = 14.5;
				LD_RUNPATH_SEARCH_PATHS = (
					"$(inherited)",
					"@executable_path/Frameworks",
					"@loader_path/Frameworks",
				);
				PRODUCT_BUNDLE_IDENTIFIER = net.macnpc.webControllMissionTests;
				PRODUCT_NAME = "$(TARGET_NAME)";
				SWIFT_VERSION = 5.0;
				TARGETED_DEVICE_FAMILY = "1,2";
				TEST_HOST = "$(BUILT_PRODUCTS_DIR)/webControllMission.app/webControllMission";
			};
			name = Debug;
		};
		6A3C001126771CD700911979 /* Release */ = {
			isa = XCBuildConfiguration;
			buildSettings = {
				ALWAYS_EMBED_SWIFT_STANDARD_LIBRARIES = YES;
				BUNDLE_LOADER = "$(TEST_HOST)";
				CODE_SIGN_STYLE = Automatic;
				INFOPLIST_FILE = webControllMissionTests/Info.plist;
				IPHONEOS_DEPLOYMENT_TARGET = 14.5;
				LD_RUNPATH_SEARCH_PATHS = (
					"$(inherited)",
					"@executable_path/Frameworks",
					"@loader_path/Frameworks",
				);
				PRODUCT_BUNDLE_IDENTIFIER = net.macnpc.webControllMissionTests;
				PRODUCT_NAME = "$(TARGET_NAME)";
				SWIFT_VERSION = 5.0;
				TARGETED_DEVICE_FAMILY = "1,2";
				TEST_HOST = "$(BUILT_PRODUCTS_DIR)/webControllMission.app/webControllMission";
			};
			name = Release;
		};
		6A3C001326771CD700911979 /* Debug */ = {
			isa = XCBuildConfiguration;
			buildSettings = {
				ALWAYS_EMBED_SWIFT_STANDARD_LIBRARIES = YES;
				CODE_SIGN_STYLE = Automatic;
				INFOPLIST_FILE = webControllMissionUITests/Info.plist;
				LD_RUNPATH_SEARCH_PATHS = (
					"$(inherited)",
					"@executable_path/Frameworks",
					"@loader_path/Frameworks",
				);
				PRODUCT_BUNDLE_IDENTIFIER = net.macnpc.webControllMissionUITests;
				PRODUCT_NAME = "$(TARGET_NAME)";
				SWIFT_VERSION = 5.0;
				TARGETED_DEVICE_FAMILY = "1,2";
				TEST_TARGET_NAME = webControllMission;
			};
			name = Debug;
		};
		6A3C001426771CD700911979 /* Release */ = {
			isa = XCBuildConfiguration;
			buildSettings = {
				ALWAYS_EMBED_SWIFT_STANDARD_LIBRARIES = YES;
				CODE_SIGN_STYLE = Automatic;
				INFOPLIST_FILE = webControllMissionUITests/Info.plist;
				LD_RUNPATH_SEARCH_PATHS = (
					"$(inherited)",
					"@executable_path/Frameworks",
					"@loader_path/Frameworks",
				);
				PRODUCT_BUNDLE_IDENTIFIER = net.macnpc.webControllMissionUITests;
				PRODUCT_NAME = "$(TARGET_NAME)";
				SWIFT_VERSION = 5.0;
				TARGETED_DEVICE_FAMILY = "1,2";
				TEST_TARGET_NAME = webControllMission;
			};
			name = Release;
		};
/* End XCBuildConfiguration section */

/* Begin XCConfigurationList section */
		6A3C000C26771CD700911979 /* Build configuration list for PBXNativeTarget "webControllMission" */ = {
			isa = XCConfigurationList;
			buildConfigurations = (
				6A3C000D26771CD700911979 /* Debug */,
				6A3C000E26771CD700911979 /* Release */,
			);
			defaultConfigurationIsVisible = 0;
			defaultConfigurationName = Release;
		};
		6A3C000F26771CD700911979 /* Build configuration list for PBXNativeTarget "webControllMissionTests" */ = {
			isa = XCConfigurationList;
			buildConfigurations = (
				6A3C001026771CD700911979 /* Debug */,
				6A3C001126771CD700911979 /* Release */,
			);
			defaultConfigurationIsVisible = 0;
			defaultConfigurationName = Release;
		};
		6A3C001226771CD700911979 /* Build configuration list for PBXNativeTarget "webControllMissionUITests" */ = {
			isa = XCConfigurationList;
			buildConfigurations = (
				6A3C001326771CD700911979 /* Debug */,
				6A3C001426771CD700911979 /* Release */,
			);
			defaultConfigurationIsVisible = 0;
			defaultConfigurationName = Release;
		};
		6A3CFFDD26771CD600911979 /* Build configuration list for PBXProject "webControllMission" */ = {
			isa = XCConfigurationList;
			buildConfigurations = (
				6A3C000A26771CD700911979 /* Debug */,
				6A3C000B26771CD700911979 /* Release */,
			);
			defaultConfigurationIsVisible = 0;
			defaultConfigurationName = Release;
		};
/* End XCConfigurationList section */
	};
	rootObject = 6A3CFFDA26771CD600911979 /* Project object */;
}
